// !$*UTF8*$!
{
	archiveVersion = 1;
	classes = {
	};
	objectVersion = 48;
	objects = {

/* Begin PBXBuildFile section */
		3421851E1FE375110037A48C /* Assets.xcassets in Resources */ = {isa = PBXBuildFile; fileRef = 3421851D1FE375110037A48C /* Assets.xcassets */; };
		342185241FE375110037A48C /* main.m in Sources */ = {isa = PBXBuildFile; fileRef = 342185231FE375110037A48C /* main.m */; };
		3421852D1FE37AEE0037A48C /* AppDelegate.m in Sources */ = {isa = PBXBuildFile; fileRef = 3421852C1FE37AEE0037A48C /* AppDelegate.m */; };
		342185351FE37B140037A48C /* MTHomeController.m in Sources */ = {isa = PBXBuildFile; fileRef = 342185341FE37B140037A48C /* MTHomeController.m */; };
		342185381FE37B230037A48C /* MTHomeModel.m in Sources */ = {isa = PBXBuildFile; fileRef = 342185371FE37B230037A48C /* MTHomeModel.m */; };
		3421853B1FE37B2E0037A48C /* MTHomeView.m in Sources */ = {isa = PBXBuildFile; fileRef = 3421853A1FE37B2E0037A48C /* MTHomeView.m */; };
		342185511FE37D7D0037A48C /* MTNearbyController.m in Sources */ = {isa = PBXBuildFile; fileRef = 342185501FE37D7D0037A48C /* MTNearbyController.m */; };
		342185571FE37DAA0037A48C /* MTPublishController.m in Sources */ = {isa = PBXBuildFile; fileRef = 342185561FE37DAA0037A48C /* MTPublishController.m */; };
		3421855A1FE37DB50037A48C /* MTMessageController.m in Sources */ = {isa = PBXBuildFile; fileRef = 342185591FE37DB50037A48C /* MTMessageController.m */; };
		3421855D1FE37DC70037A48C /* MTMineController.m in Sources */ = {isa = PBXBuildFile; fileRef = 3421855C1FE37DC70037A48C /* MTMineController.m */; };
		342185601FE37DD40037A48C /* MTNearbyModel.m in Sources */ = {isa = PBXBuildFile; fileRef = 3421855F1FE37DD40037A48C /* MTNearbyModel.m */; };
		342185631FE37DE10037A48C /* MTPublishModel.m in Sources */ = {isa = PBXBuildFile; fileRef = 342185621FE37DE10037A48C /* MTPublishModel.m */; };
		342185661FE37DEB0037A48C /* MTMessageModel.m in Sources */ = {isa = PBXBuildFile; fileRef = 342185651FE37DEB0037A48C /* MTMessageModel.m */; };
		342185691FE37DF90037A48C /* MTMineModel.m in Sources */ = {isa = PBXBuildFile; fileRef = 342185681FE37DF90037A48C /* MTMineModel.m */; };
		3421856C1FE37E0D0037A48C /* MTNearbyView.m in Sources */ = {isa = PBXBuildFile; fileRef = 3421856B1FE37E0D0037A48C /* MTNearbyView.m */; };
		3421856F1FE37E230037A48C /* MTPubilshView.m in Sources */ = {isa = PBXBuildFile; fileRef = 3421856E1FE37E230037A48C /* MTPubilshView.m */; };
		342185721FE37E2C0037A48C /* MTMessageView.m in Sources */ = {isa = PBXBuildFile; fileRef = 342185711FE37E2C0037A48C /* MTMessageView.m */; };
		342185751FE37E3C0037A48C /* MTMineView.m in Sources */ = {isa = PBXBuildFile; fileRef = 342185741FE37E3C0037A48C /* MTMineView.m */; };
		54940886778126DAF6FA484A /* libPods-MTShop.a in Frameworks */ = {isa = PBXBuildFile; fileRef = BD7CC120350E645078F76770 /* libPods-MTShop.a */; };
/* End PBXBuildFile section */

/* Begin PBXFileReference section */
		342185111FE375110037A48C /* MTShop.app */ = {isa = PBXFileReference; explicitFileType = wrapper.application; includeInIndex = 0; path = MTShop.app; sourceTree = BUILT_PRODUCTS_DIR; };
		3421851D1FE375110037A48C /* Assets.xcassets */ = {isa = PBXFileReference; lastKnownFileType = folder.assetcatalog; path = Assets.xcassets; sourceTree = "<group>"; };
		342185221FE375110037A48C /* Info.plist */ = {isa = PBXFileReference; lastKnownFileType = text.plist.xml; path = Info.plist; sourceTree = "<group>"; };
		342185231FE375110037A48C /* main.m */ = {isa = PBXFileReference; lastKnownFileType = sourcecode.c.objc; path = main.m; sourceTree = "<group>"; };
		3421852B1FE37AEE0037A48C /* AppDelegate.h */ = {isa = PBXFileReference; fileEncoding = 4; lastKnownFileType = sourcecode.c.h; path = AppDelegate.h; sourceTree = "<group>"; };
		3421852C1FE37AEE0037A48C /* AppDelegate.m */ = {isa = PBXFileReference; fileEncoding = 4; lastKnownFileType = sourcecode.c.objc; path = AppDelegate.m; sourceTree = "<group>"; };
		342185331FE37B140037A48C /* MTHomeController.h */ = {isa = PBXFileReference; lastKnownFileType = sourcecode.c.h; path = MTHomeController.h; sourceTree = "<group>"; };
		342185341FE37B140037A48C /* MTHomeController.m */ = {isa = PBXFileReference; lastKnownFileType = sourcecode.c.objc; path = MTHomeController.m; sourceTree = "<group>"; };
		342185361FE37B230037A48C /* MTHomeModel.h */ = {isa = PBXFileReference; lastKnownFileType = sourcecode.c.h; path = MTHomeModel.h; sourceTree = "<group>"; };
		342185371FE37B230037A48C /* MTHomeModel.m */ = {isa = PBXFileReference; lastKnownFileType = sourcecode.c.objc; path = MTHomeModel.m; sourceTree = "<group>"; };
		342185391FE37B2E0037A48C /* MTHomeView.h */ = {isa = PBXFileReference; lastKnownFileType = sourcecode.c.h; path = MTHomeView.h; sourceTree = "<group>"; };
		3421853A1FE37B2E0037A48C /* MTHomeView.m */ = {isa = PBXFileReference; lastKnownFileType = sourcecode.c.objc; path = MTHomeView.m; sourceTree = "<group>"; };
		3421854F1FE37D7D0037A48C /* MTNearbyController.h */ = {isa = PBXFileReference; lastKnownFileType = sourcecode.c.h; path = MTNearbyController.h; sourceTree = "<group>"; };
		342185501FE37D7D0037A48C /* MTNearbyController.m */ = {isa = PBXFileReference; lastKnownFileType = sourcecode.c.objc; path = MTNearbyController.m; sourceTree = "<group>"; };
		342185551FE37DAA0037A48C /* MTPublishController.h */ = {isa = PBXFileReference; lastKnownFileType = sourcecode.c.h; path = MTPublishController.h; sourceTree = "<group>"; };
		342185561FE37DAA0037A48C /* MTPublishController.m */ = {isa = PBXFileReference; lastKnownFileType = sourcecode.c.objc; path = MTPublishController.m; sourceTree = "<group>"; };
		342185581FE37DB50037A48C /* MTMessageController.h */ = {isa = PBXFileReference; lastKnownFileType = sourcecode.c.h; path = MTMessageController.h; sourceTree = "<group>"; };
		342185591FE37DB50037A48C /* MTMessageController.m */ = {isa = PBXFileReference; lastKnownFileType = sourcecode.c.objc; path = MTMessageController.m; sourceTree = "<group>"; };
		3421855B1FE37DC70037A48C /* MTMineController.h */ = {isa = PBXFileReference; lastKnownFileType = sourcecode.c.h; path = MTMineController.h; sourceTree = "<group>"; };
		3421855C1FE37DC70037A48C /* MTMineController.m */ = {isa = PBXFileReference; lastKnownFileType = sourcecode.c.objc; path = MTMineController.m; sourceTree = "<group>"; };
		3421855E1FE37DD40037A48C /* MTNearbyModel.h */ = {isa = PBXFileReference; lastKnownFileType = sourcecode.c.h; path = MTNearbyModel.h; sourceTree = "<group>"; };
		3421855F1FE37DD40037A48C /* MTNearbyModel.m */ = {isa = PBXFileReference; lastKnownFileType = sourcecode.c.objc; path = MTNearbyModel.m; sourceTree = "<group>"; };
		342185611FE37DE10037A48C /* MTPublishModel.h */ = {isa = PBXFileReference; lastKnownFileType = sourcecode.c.h; path = MTPublishModel.h; sourceTree = "<group>"; };
		342185621FE37DE10037A48C /* MTPublishModel.m */ = {isa = PBXFileReference; lastKnownFileType = sourcecode.c.objc; path = MTPublishModel.m; sourceTree = "<group>"; };
		342185641FE37DEB0037A48C /* MTMessageModel.h */ = {isa = PBXFileReference; lastKnownFileType = sourcecode.c.h; path = MTMessageModel.h; sourceTree = "<group>"; };
		342185651FE37DEB0037A48C /* MTMessageModel.m */ = {isa = PBXFileReference; lastKnownFileType = sourcecode.c.objc; path = MTMessageModel.m; sourceTree = "<group>"; };
		342185671FE37DF90037A48C /* MTMineModel.h */ = {isa = PBXFileReference; lastKnownFileType = sourcecode.c.h; path = MTMineModel.h; sourceTree = "<group>"; };
		342185681FE37DF90037A48C /* MTMineModel.m */ = {isa = PBXFileReference; lastKnownFileType = sourcecode.c.objc; path = MTMineModel.m; sourceTree = "<group>"; };
		3421856A1FE37E0D0037A48C /* MTNearbyView.h */ = {isa = PBXFileReference; lastKnownFileType = sourcecode.c.h; path = MTNearbyView.h; sourceTree = "<group>"; };
		3421856B1FE37E0D0037A48C /* MTNearbyView.m */ = {isa = PBXFileReference; lastKnownFileType = sourcecode.c.objc; path = MTNearbyView.m; sourceTree = "<group>"; };
		3421856D1FE37E230037A48C /* MTPubilshView.h */ = {isa = PBXFileReference; lastKnownFileType = sourcecode.c.h; path = MTPubilshView.h; sourceTree = "<group>"; };
		3421856E1FE37E230037A48C /* MTPubilshView.m */ = {isa = PBXFileReference; lastKnownFileType = sourcecode.c.objc; path = MTPubilshView.m; sourceTree = "<group>"; };
		342185701FE37E2C0037A48C /* MTMessageView.h */ = {isa = PBXFileReference; lastKnownFileType = sourcecode.c.h; path = MTMessageView.h; sourceTree = "<group>"; };
		342185711FE37E2C0037A48C /* MTMessageView.m */ = {isa = PBXFileReference; lastKnownFileType = sourcecode.c.objc; path = MTMessageView.m; sourceTree = "<group>"; };
		342185731FE37E3C0037A48C /* MTMineView.h */ = {isa = PBXFileReference; lastKnownFileType = sourcecode.c.h; path = MTMineView.h; sourceTree = "<group>"; };
		342185741FE37E3C0037A48C /* MTMineView.m */ = {isa = PBXFileReference; lastKnownFileType = sourcecode.c.objc; path = MTMineView.m; sourceTree = "<group>"; };
		84B9822701ABB0E2ECA8825B /* Pods-MTShop.release.xcconfig */ = {isa = PBXFileReference; includeInIndex = 1; lastKnownFileType = text.xcconfig; name = "Pods-MTShop.release.xcconfig"; path = "Pods/Target Support Files/Pods-MTShop/Pods-MTShop.release.xcconfig"; sourceTree = "<group>"; };
		BD7CC120350E645078F76770 /* libPods-MTShop.a */ = {isa = PBXFileReference; explicitFileType = archive.ar; includeInIndex = 0; path = "libPods-MTShop.a"; sourceTree = BUILT_PRODUCTS_DIR; };
		D33BFE22354CC11FD39BCDF9 /* Pods-MTShop.debug.xcconfig */ = {isa = PBXFileReference; includeInIndex = 1; lastKnownFileType = text.xcconfig; name = "Pods-MTShop.debug.xcconfig"; path = "Pods/Target Support Files/Pods-MTShop/Pods-MTShop.debug.xcconfig"; sourceTree = "<group>"; };
/* End PBXFileReference section */

/* Begin PBXFrameworksBuildPhase section */
		3421850E1FE375110037A48C /* Frameworks */ = {
			isa = PBXFrameworksBuildPhase;
			buildActionMask = 2147483647;
			files = (
				54940886778126DAF6FA484A /* libPods-MTShop.a in Frameworks */,
			);
			runOnlyForDeploymentPostprocessing = 0;
		};
/* End PBXFrameworksBuildPhase section */

/* Begin PBXGroup section */
		0173EE272D1F13BABDF88116 /* Pods */ = {
			isa = PBXGroup;
			children = (
				D33BFE22354CC11FD39BCDF9 /* Pods-MTShop.debug.xcconfig */,
				84B9822701ABB0E2ECA8825B /* Pods-MTShop.release.xcconfig */,
			);
			name = Pods;
			sourceTree = "<group>";
		};
		342185081FE375110037A48C = {
			isa = PBXGroup;
			children = (
				342185131FE375110037A48C /* MTShop */,
				342185121FE375110037A48C /* Products */,
				0173EE272D1F13BABDF88116 /* Pods */,
				4B1FB5032912255797EA1970 /* Frameworks */,
			);
			sourceTree = "<group>";
		};
		342185121FE375110037A48C /* Products */ = {
			isa = PBXGroup;
			children = (
				342185111FE375110037A48C /* MTShop.app */,
			);
			name = Products;
			sourceTree = "<group>";
		};
		342185131FE375110037A48C /* MTShop */ = {
			isa = PBXGroup;
			children = (
				3421852A1FE37AEE0037A48C /* AppDelegate */,
				3421852E1FE37AF50037A48C /* Classes */,
				3421851D1FE375110037A48C /* Assets.xcassets */,
				342185221FE375110037A48C /* Info.plist */,
				342185231FE375110037A48C /* main.m */,
			);
			path = MTShop;
			sourceTree = "<group>";
		};
		3421852A1FE37AEE0037A48C /* AppDelegate */ = {
			isa = PBXGroup;
			children = (
				3421852B1FE37AEE0037A48C /* AppDelegate.h */,
				3421852C1FE37AEE0037A48C /* AppDelegate.m */,
			);
			path = AppDelegate;
			sourceTree = "<group>";
		};
		3421852E1FE37AF50037A48C /* Classes */ = {
			isa = PBXGroup;
			children = (
				3421852F1FE37AF50037A48C /* Home */,
				3421853C1FE37D260037A48C /* NearBy */,
				342185441FE37D260037A48C /* Publish */,
				342185401FE37D260037A48C /* Message */,
				342185481FE37D260037A48C /* Mine */,
			);
			path = Classes;
			sourceTree = "<group>";
		};
		3421852F1FE37AF50037A48C /* Home */ = {
			isa = PBXGroup;
			children = (
				342185301FE37AF50037A48C /* Controller */,
				342185311FE37AF50037A48C /* Model */,
				342185321FE37AF50037A48C /* View */,
			);
			path = Home;
			sourceTree = "<group>";
		};
		342185301FE37AF50037A48C /* Controller */ = {
			isa = PBXGroup;
			children = (
				342185331FE37B140037A48C /* MTHomeController.h */,
				342185341FE37B140037A48C /* MTHomeController.m */,
			);
			path = Controller;
			sourceTree = "<group>";
		};
		342185311FE37AF50037A48C /* Model */ = {
			isa = PBXGroup;
			children = (
				342185361FE37B230037A48C /* MTHomeModel.h */,
				342185371FE37B230037A48C /* MTHomeModel.m */,
			);
			path = Model;
			sourceTree = "<group>";
		};
		342185321FE37AF50037A48C /* View */ = {
			isa = PBXGroup;
			children = (
				342185391FE37B2E0037A48C /* MTHomeView.h */,
				3421853A1FE37B2E0037A48C /* MTHomeView.m */,
			);
			path = View;
			sourceTree = "<group>";
		};
		3421853C1FE37D260037A48C /* NearBy */ = {
			isa = PBXGroup;
			children = (
				3421853D1FE37D260037A48C /* Controller */,
				3421853E1FE37D260037A48C /* Model */,
				3421853F1FE37D260037A48C /* View */,
			);
			path = NearBy;
			sourceTree = "<group>";
		};
		3421853D1FE37D260037A48C /* Controller */ = {
			isa = PBXGroup;
			children = (
				3421854F1FE37D7D0037A48C /* MTNearbyController.h */,
				342185501FE37D7D0037A48C /* MTNearbyController.m */,
			);
			path = Controller;
			sourceTree = "<group>";
		};
		3421853E1FE37D260037A48C /* Model */ = {
			isa = PBXGroup;
			children = (
				3421855E1FE37DD40037A48C /* MTNearbyModel.h */,
				3421855F1FE37DD40037A48C /* MTNearbyModel.m */,
			);
			path = Model;
			sourceTree = "<group>";
		};
		3421853F1FE37D260037A48C /* View */ = {
			isa = PBXGroup;
			children = (
				3421856A1FE37E0D0037A48C /* MTNearbyView.h */,
				3421856B1FE37E0D0037A48C /* MTNearbyView.m */,
			);
			path = View;
			sourceTree = "<group>";
		};
		342185401FE37D260037A48C /* Message */ = {
			isa = PBXGroup;
			children = (
				342185411FE37D260037A48C /* Controller */,
				342185421FE37D260037A48C /* Model */,
				342185431FE37D260037A48C /* View */,
			);
			path = Message;
			sourceTree = "<group>";
		};
		342185411FE37D260037A48C /* Controller */ = {
			isa = PBXGroup;
			children = (
				342185581FE37DB50037A48C /* MTMessageController.h */,
				342185591FE37DB50037A48C /* MTMessageController.m */,
			);
			path = Controller;
			sourceTree = "<group>";
		};
		342185421FE37D260037A48C /* Model */ = {
			isa = PBXGroup;
			children = (
				342185641FE37DEB0037A48C /* MTMessageModel.h */,
				342185651FE37DEB0037A48C /* MTMessageModel.m */,
			);
			path = Model;
			sourceTree = "<group>";
		};
		342185431FE37D260037A48C /* View */ = {
			isa = PBXGroup;
			children = (
				342185701FE37E2C0037A48C /* MTMessageView.h */,
				342185711FE37E2C0037A48C /* MTMessageView.m */,
			);
			path = View;
			sourceTree = "<group>";
		};
		342185441FE37D260037A48C /* Publish */ = {
			isa = PBXGroup;
			children = (
				342185451FE37D260037A48C /* Controller */,
				342185461FE37D260037A48C /* Model */,
				342185471FE37D260037A48C /* View */,
			);
			path = Publish;
			sourceTree = "<group>";
		};
		342185451FE37D260037A48C /* Controller */ = {
			isa = PBXGroup;
			children = (
				342185551FE37DAA0037A48C /* MTPublishController.h */,
				342185561FE37DAA0037A48C /* MTPublishController.m */,
			);
			path = Controller;
			sourceTree = "<group>";
		};
		342185461FE37D260037A48C /* Model */ = {
			isa = PBXGroup;
			children = (
				342185611FE37DE10037A48C /* MTPublishModel.h */,
				342185621FE37DE10037A48C /* MTPublishModel.m */,
			);
			path = Model;
			sourceTree = "<group>";
		};
		342185471FE37D260037A48C /* View */ = {
			isa = PBXGroup;
			children = (
				3421856D1FE37E230037A48C /* MTPubilshView.h */,
				3421856E1FE37E230037A48C /* MTPubilshView.m */,
			);
			path = View;
			sourceTree = "<group>";
		};
		342185481FE37D260037A48C /* Mine */ = {
			isa = PBXGroup;
			children = (
				342185491FE37D260037A48C /* Controller */,
				3421854A1FE37D260037A48C /* Model */,
				3421854B1FE37D260037A48C /* View */,
			);
			path = Mine;
			sourceTree = "<group>";
		};
		342185491FE37D260037A48C /* Controller */ = {
			isa = PBXGroup;
			children = (
				3421855B1FE37DC70037A48C /* MTMineController.h */,
				3421855C1FE37DC70037A48C /* MTMineController.m */,
			);
			path = Controller;
			sourceTree = "<group>";
		};
		3421854A1FE37D260037A48C /* Model */ = {
			isa = PBXGroup;
			children = (
				342185671FE37DF90037A48C /* MTMineModel.h */,
				342185681FE37DF90037A48C /* MTMineModel.m */,
			);
			path = Model;
			sourceTree = "<group>";
		};
		3421854B1FE37D260037A48C /* View */ = {
			isa = PBXGroup;
			children = (
				342185731FE37E3C0037A48C /* MTMineView.h */,
				342185741FE37E3C0037A48C /* MTMineView.m */,
			);
			path = View;
			sourceTree = "<group>";
		};
		4B1FB5032912255797EA1970 /* Frameworks */ = {
			isa = PBXGroup;
			children = (
				BD7CC120350E645078F76770 /* libPods-MTShop.a */,
			);
			name = Frameworks;
			sourceTree = "<group>";
		};
/* End PBXGroup section */

/* Begin PBXNativeTarget section */
		342185101FE375110037A48C /* MTShop */ = {
			isa = PBXNativeTarget;
			buildConfigurationList = 342185271FE375110037A48C /* Build configuration list for PBXNativeTarget "MTShop" */;
			buildPhases = (
				CEC5E07C5CC5BABC7579449D /* [CP] Check Pods Manifest.lock */,
				3421850D1FE375110037A48C /* Sources */,
				3421850E1FE375110037A48C /* Frameworks */,
				3421850F1FE375110037A48C /* Resources */,
				36C8C6BDDC5DC9781CA99A17 /* [CP] Embed Pods Frameworks */,
				DDDF3206CFBC4F9B9FAE24B5 /* [CP] Copy Pods Resources */,
			);
			buildRules = (
			);
			dependencies = (
			);
			name = MTShop;
			productName = MTShop;
			productReference = 342185111FE375110037A48C /* MTShop.app */;
			productType = "com.apple.product-type.application";
		};
/* End PBXNativeTarget section */

/* Begin PBXProject section */
		342185091FE375110037A48C /* Project object */ = {
			isa = PBXProject;
			attributes = {
				LastUpgradeCheck = 0920;
				ORGANIZATIONNAME = MT;
				TargetAttributes = {
					342185101FE375110037A48C = {
						CreatedOnToolsVersion = 9.2;
						ProvisioningStyle = Automatic;
					};
				};
			};
			buildConfigurationList = 3421850C1FE375110037A48C /* Build configuration list for PBXProject "MTShop" */;
			compatibilityVersion = "Xcode 8.0";
			developmentRegion = en;
			hasScannedForEncodings = 0;
			knownRegions = (
				en,
				Base,
			);
			mainGroup = 342185081FE375110037A48C;
			productRefGroup = 342185121FE375110037A48C /* Products */;
			projectDirPath = "";
			projectRoot = "";
			targets = (
				342185101FE375110037A48C /* MTShop */,
			);
		};
/* End PBXProject section */

/* Begin PBXResourcesBuildPhase section */
		3421850F1FE375110037A48C /* Resources */ = {
			isa = PBXResourcesBuildPhase;
			buildActionMask = 2147483647;
			files = (
				3421851E1FE375110037A48C /* Assets.xcassets in Resources */,
			);
			runOnlyForDeploymentPostprocessing = 0;
		};
/* End PBXResourcesBuildPhase section */

/* Begin PBXShellScriptBuildPhase section */
		36C8C6BDDC5DC9781CA99A17 /* [CP] Embed Pods Frameworks */ = {
			isa = PBXShellScriptBuildPhase;
			buildActionMask = 2147483647;
			files = (
			);
			inputPaths = (
			);
			name = "[CP] Embed Pods Frameworks";
			outputPaths = (
			);
			runOnlyForDeploymentPostprocessing = 0;
			shellPath = /bin/sh;
			shellScript = "\"${SRCROOT}/Pods/Target Support Files/Pods-MTShop/Pods-MTShop-frameworks.sh\"\n";
			showEnvVarsInLog = 0;
		};
		CEC5E07C5CC5BABC7579449D /* [CP] Check Pods Manifest.lock */ = {
			isa = PBXShellScriptBuildPhase;
			buildActionMask = 2147483647;
			files = (
			);
			inputPaths = (
				"${PODS_PODFILE_DIR_PATH}/Podfile.lock",
				"${PODS_ROOT}/Manifest.lock",
			);
			name = "[CP] Check Pods Manifest.lock";
			outputPaths = (
				"$(DERIVED_FILE_DIR)/Pods-MTShop-checkManifestLockResult.txt",
			);
			runOnlyForDeploymentPostprocessing = 0;
			shellPath = /bin/sh;
			shellScript = "diff \"${PODS_PODFILE_DIR_PATH}/Podfile.lock\" \"${PODS_ROOT}/Manifest.lock\" > /dev/null\nif [ $? != 0 ] ; then\n    # print error to STDERR\n    echo \"error: The sandbox is not in sync with the Podfile.lock. Run 'pod install' or update your CocoaPods installation.\" >&2\n    exit 1\nfi\n# This output is used by Xcode 'outputs' to avoid re-running this script phase.\necho \"SUCCESS\" > \"${SCRIPT_OUTPUT_FILE_0}\"\n";
			showEnvVarsInLog = 0;
		};
		DDDF3206CFBC4F9B9FAE24B5 /* [CP] Copy Pods Resources */ = {
			isa = PBXShellScriptBuildPhase;
			buildActionMask = 2147483647;
			files = (
			);
			inputPaths = (
				"${SRCROOT}/Pods/Target Support Files/Pods-MTShop/Pods-MTShop-resources.sh",
				"${PODS_ROOT}/IQKeyboardManager/IQKeyboardManager/Resources/IQKeyboardManager.bundle",
				"${PODS_ROOT}/MJRefresh/MJRefresh/MJRefresh.bundle",
				"${PODS_ROOT}/SVProgressHUD/SVProgressHUD/SVProgressHUD.bundle",
			);
			name = "[CP] Copy Pods Resources";
			outputPaths = (
				"${TARGET_BUILD_DIR}/${UNLOCALIZED_RESOURCES_FOLDER_PATH}",
			);
			runOnlyForDeploymentPostprocessing = 0;
			shellPath = /bin/sh;
			shellScript = "\"${SRCROOT}/Pods/Target Support Files/Pods-MTShop/Pods-MTShop-resources.sh\"\n";
			showEnvVarsInLog = 0;
		};
/* End PBXShellScriptBuildPhase section */

/* Begin PBXSourcesBuildPhase section */
		3421850D1FE375110037A48C /* Sources */ = {
			isa = PBXSourcesBuildPhase;
			buildActionMask = 2147483647;
			files = (
				3421853B1FE37B2E0037A48C /* MTHomeView.m in Sources */,
				342185631FE37DE10037A48C /* MTPublishModel.m in Sources */,
				342185751FE37E3C0037A48C /* MTMineView.m in Sources */,
				342185661FE37DEB0037A48C /* MTMessageModel.m in Sources */,
				342185691FE37DF90037A48C /* MTMineModel.m in Sources */,
				3421852D1FE37AEE0037A48C /* AppDelegate.m in Sources */,
				3421855A1FE37DB50037A48C /* MTMessageController.m in Sources */,
				3421856C1FE37E0D0037A48C /* MTNearbyView.m in Sources */,
				3421856F1FE37E230037A48C /* MTPubilshView.m in Sources */,
				342185241FE375110037A48C /* main.m in Sources */,
				342185351FE37B140037A48C /* MTHomeController.m in Sources */,
				342185601FE37DD40037A48C /* MTNearbyModel.m in Sources */,
				342185721FE37E2C0037A48C /* MTMessageView.m in Sources */,
				3421855D1FE37DC70037A48C /* MTMineController.m in Sources */,
				342185381FE37B230037A48C /* MTHomeModel.m in Sources */,
				342185571FE37DAA0037A48C /* MTPublishController.m in Sources */,
				342185511FE37D7D0037A48C /* MTNearbyController.m in Sources */,
			);
			runOnlyForDeploymentPostprocessing = 0;
		};
/* End PBXSourcesBuildPhase section */

/* Begin XCBuildConfiguration section */
		342185251FE375110037A48C /* Debug */ = {
			isa = XCBuildConfiguration;
			buildSettings = {
				ALWAYS_SEARCH_USER_PATHS = NO;
				CLANG_ANALYZER_NONNULL = YES;
				CLANG_ANALYZER_NUMBER_OBJECT_CONVERSION = YES_AGGRESSIVE;
				CLANG_CXX_LANGUAGE_STANDARD = "gnu++14";
				CLANG_CXX_LIBRARY = "libc++";
				CLANG_ENABLE_MODULES = YES;
				CLANG_ENABLE_OBJC_ARC = YES;
				CLANG_WARN_BLOCK_CAPTURE_AUTORELEASING = YES;
				CLANG_WARN_BOOL_CONVERSION = YES;
				CLANG_WARN_COMMA = YES;
				CLANG_WARN_CONSTANT_CONVERSION = YES;
				CLANG_WARN_DIRECT_OBJC_ISA_USAGE = YES_ERROR;
				CLANG_WARN_DOCUMENTATION_COMMENTS = YES;
				CLANG_WARN_EMPTY_BODY = YES;
				CLANG_WARN_ENUM_CONVERSION = YES;
				CLANG_WARN_INFINITE_RECURSION = YES;
				CLANG_WARN_INT_CONVERSION = YES;
				CLANG_WARN_NON_LITERAL_NULL_CONVERSION = YES;
				CLANG_WARN_OBJC_LITERAL_CONVERSION = YES;
				CLANG_WARN_OBJC_ROOT_CLASS = YES_ERROR;
				CLANG_WARN_RANGE_LOOP_ANALYSIS = YES;
				CLANG_WARN_STRICT_PROTOTYPES = YES;
				CLANG_WARN_SUSPICIOUS_MOVE = YES;
				CLANG_WARN_UNGUARDED_AVAILABILITY = YES_AGGRESSIVE;
				CLANG_WARN_UNREACHABLE_CODE = YES;
				CLANG_WARN__DUPLICATE_METHOD_MATCH = YES;
				CODE_SIGN_IDENTITY = "iPhone Developer";
				COPY_PHASE_STRIP = NO;
				DEBUG_INFORMATION_FORMAT = dwarf;
				ENABLE_STRICT_OBJC_MSGSEND = YES;
				ENABLE_TESTABILITY = YES;
				GCC_C_LANGUAGE_STANDARD = gnu11;
				GCC_DYNAMIC_NO_PIC = NO;
				GCC_NO_COMMON_BLOCKS = YES;
				GCC_OPTIMIZATION_LEVEL = 0;
				GCC_PREPROCESSOR_DEFINITIONS = (
					"DEBUG=1",
					"$(inherited)",
				);
				GCC_WARN_64_TO_32_BIT_CONVERSION = YES;
				GCC_WARN_ABOUT_RETURN_TYPE = YES_ERROR;
				GCC_WARN_UNDECLARED_SELECTOR = YES;
				GCC_WARN_UNINITIALIZED_AUTOS = YES_AGGRESSIVE;
				GCC_WARN_UNUSED_FUNCTION = YES;
				GCC_WARN_UNUSED_VARIABLE = YES;
				IPHONEOS_DEPLOYMENT_TARGET = 11.2;
				MTL_ENABLE_DEBUG_INFO = YES;
				ONLY_ACTIVE_ARCH = YES;
				SDKROOT = iphoneos;
			};
			name = Debug;
		};
		342185261FE375110037A48C /* Release */ = {
			isa = XCBuildConfiguration;
			buildSettings = {
				ALWAYS_SEARCH_USER_PATHS = NO;
				CLANG_ANALYZER_NONNULL = YES;
				CLANG_ANALYZER_NUMBER_OBJECT_CONVERSION = YES_AGGRESSIVE;
				CLANG_CXX_LANGUAGE_STANDARD = "gnu++14";
				CLANG_CXX_LIBRARY = "libc++";
				CLANG_ENABLE_MODULES = YES;
				CLANG_ENABLE_OBJC_ARC = YES;
				CLANG_WARN_BLOCK_CAPTURE_AUTORELEASING = YES;
				CLANG_WARN_BOOL_CONVERSION = YES;
				CLANG_WARN_COMMA = YES;
				CLANG_WARN_CONSTANT_CONVERSION = YES;
				CLANG_WARN_DIRECT_OBJC_ISA_USAGE = YES_ERROR;
				CLANG_WARN_DOCUMENTATION_COMMENTS = YES;
				CLANG_WARN_EMPTY_BODY = YES;
				CLANG_WARN_ENUM_CONVERSION = YES;
				CLANG_WARN_INFINITE_RECURSION = YES;
				CLANG_WARN_INT_CONVERSION = YES;
				CLANG_WARN_NON_LITERAL_NULL_CONVERSION = YES;
				CLANG_WARN_OBJC_LITERAL_CONVERSION = YES;
				CLANG_WARN_OBJC_ROOT_CLASS = YES_ERROR;
				CLANG_WARN_RANGE_LOOP_ANALYSIS = YES;
				CLANG_WARN_STRICT_PROTOTYPES = YES;
				CLANG_WARN_SUSPICIOUS_MOVE = YES;
				CLANG_WARN_UNGUARDED_AVAILABILITY = YES_AGGRESSIVE;
				CLANG_WARN_UNREACHABLE_CODE = YES;
				CLANG_WARN__DUPLICATE_METHOD_MATCH = YES;
				CODE_SIGN_IDENTITY = "iPhone Developer";
				COPY_PHASE_STRIP = NO;
				DEBUG_INFORMATION_FORMAT = "dwarf-with-dsym";
				ENABLE_NS_ASSERTIONS = NO;
				ENABLE_STRICT_OBJC_MSGSEND = YES;
				GCC_C_LANGUAGE_STANDARD = gnu11;
				GCC_NO_COMMON_BLOCKS = YES;
				GCC_WARN_64_TO_32_BIT_CONVERSION = YES;
				GCC_WARN_ABOUT_RETURN_TYPE = YES_ERROR;
				GCC_WARN_UNDECLARED_SELECTOR = YES;
				GCC_WARN_UNINITIALIZED_AUTOS = YES_AGGRESSIVE;
				GCC_WARN_UNUSED_FUNCTION = YES;
				GCC_WARN_UNUSED_VARIABLE = YES;
				IPHONEOS_DEPLOYMENT_TARGET = 11.2;
				MTL_ENABLE_DEBUG_INFO = NO;
				SDKROOT = iphoneos;
				VALIDATE_PRODUCT = YES;
			};
			name = Release;
		};
		342185281FE375110037A48C /* Debug */ = {
			isa = XCBuildConfiguration;
			baseConfigurationReference = D33BFE22354CC11FD39BCDF9 /* Pods-MTShop.debug.xcconfig */;
			buildSettings = {
				ASSETCATALOG_COMPILER_APPICON_NAME = AppIcon;
				CODE_SIGN_STYLE = Automatic;
				DEVELOPMENT_TEAM = 9CQ24Z5PJ5;
				INFOPLIST_FILE = MTShop/Info.plist;
				IPHONEOS_DEPLOYMENT_TARGET = 8.0;
				LD_RUNPATH_SEARCH_PATHS = "$(inherited) @executable_path/Frameworks";
				PRODUCT_BUNDLE_IDENTIFIER = MT.MTShop;
				PRODUCT_NAME = "$(TARGET_NAME)";
				TARGETED_DEVICE_FAMILY = "1,2";
			};
			name = Debug;
		};
		342185291FE375110037A48C /* Release */ = {
			isa = XCBuildConfiguration;
			baseConfigurationReference = 84B9822701ABB0E2ECA8825B /* Pods-MTShop.release.xcconfig */;
			buildSettings = {
				ASSETCATALOG_COMPILER_APPICON_NAME = AppIcon;
				CODE_SIGN_STYLE = Automatic;
				DEVELOPMENT_TEAM = 9CQ24Z5PJ5;
				INFOPLIST_FILE = MTShop/Info.plist;
				IPHONEOS_DEPLOYMENT_TARGET = 8.0;
				LD_RUNPATH_SEARCH_PATHS = "$(inherited) @executable_path/Frameworks";
				PRODUCT_BUNDLE_IDENTIFIER = MT.MTShop;
				PRODUCT_NAME = "$(TARGET_NAME)";
				TARGETED_DEVICE_FAMILY = "1,2";
			};
			name = Release;
		};
/* End XCBuildConfiguration section */

/* Begin XCConfigurationList section */
		3421850C1FE375110037A48C /* Build configuration list for PBXProject "MTShop" */ = {
			isa = XCConfigurationList;
			buildConfigurations = (
				342185251FE375110037A48C /* Debug */,
				342185261FE375110037A48C /* Release */,
			);
			defaultConfigurationIsVisible = 0;
			defaultConfigurationName = Release;
		};
		342185271FE375110037A48C /* Build configuration list for PBXNativeTarget "MTShop" */ = {
			isa = XCConfigurationList;
			buildConfigurations = (
				342185281FE375110037A48C /* Debug */,
				342185291FE375110037A48C /* Release */,
			);
			defaultConfigurationIsVisible = 0;
			defaultConfigurationName = Release;
		};
/* End XCConfigurationList section */
	};
	rootObject = 342185091FE375110037A48C /* Project object */;
}
