// !$*UTF8*$!
{
	archiveVersion = 1;
	classes = {
	};
	objectVersion = 48;
	objects = {

/* Begin PBXBuildFile section */
		3421851E1FE375110037A48C /* Assets.xcassets in Resources */ = {isa = PBXBuildFile; fileRef = 3421851D1FE375110037A48C /* Assets.xcassets */; };
		342185241FE375110037A48C /* main.m in Sources */ = {isa = PBXBuildFile; fileRef = 342185231FE375110037A48C /* main.m */; };
		3421852D1FE37AEE0037A48C /* AppDelegate.m in Sources */ = {isa = PBXBuildFile; fileRef = 3421852C1FE37AEE0037A48C /* AppDelegate.m */; };
		342185351FE37B140037A48C /* MTHomeController.m in Sources */ = {isa = PBXBuildFile; fileRef = 342185341FE37B140037A48C /* MTHomeController.m */; };
		342185381FE37B230037A48C /* MTHomeModel.m in Sources */ = {isa = PBXBuildFile; fileRef = 342185371FE37B230037A48C /* MTHomeModel.m */; };
		3421853B1FE37B2E0037A48C /* MTHomeView.m in Sources */ = {isa = PBXBuildFile; fileRef = 3421853A1FE37B2E0037A48C /* MTHomeView.m */; };
/* End PBXBuildFile section */

/* Begin PBXFileReference section */
		342185111FE375110037A48C /* MTShop.app */ = {isa = PBXFileReference; explicitFileType = wrapper.application; includeInIndex = 0; path = MTShop.app; sourceTree = BUILT_PRODUCTS_DIR; };
		3421851D1FE375110037A48C /* Assets.xcassets */ = {isa = PBXFileReference; lastKnownFileType = folder.assetcatalog; path = Assets.xcassets; sourceTree = "<group>"; };
		342185221FE375110037A48C /* Info.plist */ = {isa = PBXFileReference; lastKnownFileType = text.plist.xml; path = Info.plist; sourceTree = "<group>"; };
		342185231FE375110037A48C /* main.m */ = {isa = PBXFileReference; lastKnownFileType = sourcecode.c.objc; path = main.m; sourceTree = "<group>"; };
		3421852B1FE37AEE0037A48C /* AppDelegate.h */ = {isa = PBXFileReference; fileEncoding = 4; lastKnownFileType = sourcecode.c.h; path = AppDelegate.h; sourceTree = "<group>"; };
		3421852C1FE37AEE0037A48C /* AppDelegate.m */ = {isa = PBXFileReference; fileEncoding = 4; lastKnownFileType = sourcecode.c.objc; path = AppDelegate.m; sourceTree = "<group>"; };
		342185331FE37B140037A48C /* MTHomeController.h */ = {isa = PBXFileReference; lastKnownFileType = sourcecode.c.h; path = MTHomeController.h; sourceTree = "<group>"; };
		342185341FE37B140037A48C /* MTHomeController.m */ = {isa = PBXFileReference; lastKnownFileType = sourcecode.c.objc; path = MTHomeController.m; sourceTree = "<group>"; };
		342185361FE37B230037A48C /* MTHomeModel.h */ = {isa = PBXFileReference; lastKnownFileType = sourcecode.c.h; path = MTHomeModel.h; sourceTree = "<group>"; };
		342185371FE37B230037A48C /* MTHomeModel.m */ = {isa = PBXFileReference; lastKnownFileType = sourcecode.c.objc; path = MTHomeModel.m; sourceTree = "<group>"; };
		342185391FE37B2E0037A48C /* MTHomeView.h */ = {isa = PBXFileReference; lastKnownFileType = sourcecode.c.h; path = MTHomeView.h; sourceTree = "<group>"; };
		3421853A1FE37B2E0037A48C /* MTHomeView.m */ = {isa = PBXFileReference; lastKnownFileType = sourcecode.c.objc; path = MTHomeView.m; sourceTree = "<group>"; };
/* End PBXFileReference section */

/* Begin PBXFrameworksBuildPhase section */
		3421850E1FE375110037A48C /* Frameworks */ = {
			isa = PBXFrameworksBuildPhase;
			buildActionMask = 2147483647;
			files = (
			);
			runOnlyForDeploymentPostprocessing = 0;
		};
/* End PBXFrameworksBuildPhase section */

/* Begin PBXGroup section */
		342185081FE375110037A48C = {
			isa = PBXGroup;
			children = (
				342185131FE375110037A48C /* MTShop */,
				342185121FE375110037A48C /* Products */,
			);
			sourceTree = "<group>";
		};
		342185121FE375110037A48C /* Products */ = {
			isa = PBXGroup;
			children = (
				342185111FE375110037A48C /* MTShop.app */,
			);
			name = Products;
			sourceTree = "<group>";
		};
		342185131FE375110037A48C /* MTShop */ = {
			isa = PBXGroup;
			children = (
				3421852A1FE37AEE0037A48C /* AppDelegate */,
				3421852E1FE37AF50037A48C /* Classes */,
				3421851D1FE375110037A48C /* Assets.xcassets */,
				342185221FE375110037A48C /* Info.plist */,
				342185231FE375110037A48C /* main.m */,
			);
			path = MTShop;
			sourceTree = "<group>";
		};
		3421852A1FE37AEE0037A48C /* AppDelegate */ = {
			isa = PBXGroup;
			children = (
				3421852B1FE37AEE0037A48C /* AppDelegate.h */,
				3421852C1FE37AEE0037A48C /* AppDelegate.m */,
			);
			path = AppDelegate;
			sourceTree = "<group>";
		};
		3421852E1FE37AF50037A48C /* Classes */ = {
			isa = PBXGroup;
			children = (
				3421852F1FE37AF50037A48C /* Home */,
			);
			path = Classes;
			sourceTree = "<group>";
		};
		3421852F1FE37AF50037A48C /* Home */ = {
			isa = PBXGroup;
			children = (
				342185301FE37AF50037A48C /* Controller */,
				342185311FE37AF50037A48C /* Model */,
				342185321FE37AF50037A48C /* View */,
			);
			path = Home;
			sourceTree = "<group>";
		};
		342185301FE37AF50037A48C /* Controller */ = {
			isa = PBXGroup;
			children = (
				342185331FE37B140037A48C /* MTHomeController.h */,
				342185341FE37B140037A48C /* MTHomeController.m */,
			);
			path = Controller;
			sourceTree = "<group>";
		};
		342185311FE37AF50037A48C /* Model */ = {
			isa = PBXGroup;
			children = (
				342185361FE37B230037A48C /* MTHomeModel.h */,
				342185371FE37B230037A48C /* MTHomeModel.m */,
			);
			path = Model;
			sourceTree = "<group>";
		};
		342185321FE37AF50037A48C /* View */ = {
			isa = PBXGroup;
			children = (
				342185391FE37B2E0037A48C /* MTHomeView.h */,
				3421853A1FE37B2E0037A48C /* MTHomeView.m */,
			);
			path = View;
			sourceTree = "<group>";
		};
/* End PBXGroup section */

/* Begin PBXNativeTarget section */
		342185101FE375110037A48C /* MTShop */ = {
			isa = PBXNativeTarget;
			buildConfigurationList = 342185271FE375110037A48C /* Build configuration list for PBXNativeTarget "MTShop" */;
			buildPhases = (
				3421850D1FE375110037A48C /* Sources */,
				3421850E1FE375110037A48C /* Frameworks */,
				3421850F1FE375110037A48C /* Resources */,
			);
			buildRules = (
			);
			dependencies = (
			);
			name = MTShop;
			productName = MTShop;
			productReference = 342185111FE375110037A48C /* MTShop.app */;
			productType = "com.apple.product-type.application";
		};
/* End PBXNativeTarget section */

/* Begin PBXProject section */
		342185091FE375110037A48C /* Project object */ = {
			isa = PBXProject;
			attributes = {
				LastUpgradeCheck = 0920;
				ORGANIZATIONNAME = MT;
				TargetAttributes = {
					342185101FE375110037A48C = {
						CreatedOnToolsVersion = 9.2;
						ProvisioningStyle = Automatic;
					};
				};
			};
			buildConfigurationList = 3421850C1FE375110037A48C /* Build configuration list for PBXProject "MTShop" */;
			compatibilityVersion = "Xcode 8.0";
			developmentRegion = en;
			hasScannedForEncodings = 0;
			knownRegions = (
				en,
				Base,
			);
			mainGroup = 342185081FE375110037A48C;
			productRefGroup = 342185121FE375110037A48C /* Products */;
			projectDirPath = "";
			projectRoot = "";
			targets = (
				342185101FE375110037A48C /* MTShop */,
			);
		};
/* End PBXProject section */

/* Begin PBXResourcesBuildPhase section */
		3421850F1FE375110037A48C /* Resources */ = {
			isa = PBXResourcesBuildPhase;
			buildActionMask = 2147483647;
			files = (
				3421851E1FE375110037A48C /* Assets.xcassets in Resources */,
			);
			runOnlyForDeploymentPostprocessing = 0;
		};
/* End PBXResourcesBuildPhase section */

/* Begin PBXSourcesBuildPhase section */
		3421850D1FE375110037A48C /* Sources */ = {
			isa = PBXSourcesBuildPhase;
			buildActionMask = 2147483647;
			files = (
				3421853B1FE37B2E0037A48C /* MTHomeView.m in Sources */,
				3421852D1FE37AEE0037A48C /* AppDelegate.m in Sources */,
				342185241FE375110037A48C /* main.m in Sources */,
				342185351FE37B140037A48C /* MTHomeController.m in Sources */,
				342185381FE37B230037A48C /* MTHomeModel.m in Sources */,
			);
			runOnlyForDeploymentPostprocessing = 0;
		};
/* End PBXSourcesBuildPhase section */

/* Begin XCBuildConfiguration section */
		342185251FE375110037A48C /* Debug */ = {
			isa = XCBuildConfiguration;
			buildSettings = {
				ALWAYS_SEARCH_USER_PATHS = NO;
				CLANG_ANALYZER_NONNULL = YES;
				CLANG_ANALYZER_NUMBER_OBJECT_CONVERSION = YES_AGGRESSIVE;
				CLANG_CXX_LANGUAGE_STANDARD = "gnu++14";
				CLANG_CXX_LIBRARY = "libc++";
				CLANG_ENABLE_MODULES = YES;
				CLANG_ENABLE_OBJC_ARC = YES;
				CLANG_WARN_BLOCK_CAPTURE_AUTORELEASING = YES;
				CLANG_WARN_BOOL_CONVERSION = YES;
				CLANG_WARN_COMMA = YES;
				CLANG_WARN_CONSTANT_CONVERSION = YES;
				CLANG_WARN_DIRECT_OBJC_ISA_USAGE = YES_ERROR;
				CLANG_WARN_DOCUMENTATION_COMMENTS = YES;
				CLANG_WARN_EMPTY_BODY = YES;
				CLANG_WARN_ENUM_CONVERSION = YES;
				CLANG_WARN_INFINITE_RECURSION = YES;
				CLANG_WARN_INT_CONVERSION = YES;
				CLANG_WARN_NON_LITERAL_NULL_CONVERSION = YES;
				CLANG_WARN_OBJC_LITERAL_CONVERSION = YES;
				CLANG_WARN_OBJC_ROOT_CLASS = YES_ERROR;
				CLANG_WARN_RANGE_LOOP_ANALYSIS = YES;
				CLANG_WARN_STRICT_PROTOTYPES = YES;
				CLANG_WARN_SUSPICIOUS_MOVE = YES;
				CLANG_WARN_UNGUARDED_AVAILABILITY = YES_AGGRESSIVE;
				CLANG_WARN_UNREACHABLE_CODE = YES;
				CLANG_WARN__DUPLICATE_METHOD_MATCH = YES;
				CODE_SIGN_IDENTITY = "iPhone Developer";
				COPY_PHASE_STRIP = NO;
				DEBUG_INFORMATION_FORMAT = dwarf;
				ENABLE_STRICT_OBJC_MSGSEND = YES;
				ENABLE_TESTABILITY = YES;
				GCC_C_LANGUAGE_STANDARD = gnu11;
				GCC_DYNAMIC_NO_PIC = NO;
				GCC_NO_COMMON_BLOCKS = YES;
				GCC_OPTIMIZATION_LEVEL = 0;
				GCC_PREPROCESSOR_DEFINITIONS = (
					"DEBUG=1",
					"$(inherited)",
				);
				GCC_WARN_64_TO_32_BIT_CONVERSION = YES;
				GCC_WARN_ABOUT_RETURN_TYPE = YES_ERROR;
				GCC_WARN_UNDECLARED_SELECTOR = YES;
				GCC_WARN_UNINITIALIZED_AUTOS = YES_AGGRESSIVE;
				GCC_WARN_UNUSED_FUNCTION = YES;
				GCC_WARN_UNUSED_VARIABLE = YES;
				IPHONEOS_DEPLOYMENT_TARGET = 11.2;
				MTL_ENABLE_DEBUG_INFO = YES;
				ONLY_ACTIVE_ARCH = YES;
				SDKROOT = iphoneos;
			};
			name = Debug;
		};
		342185261FE375110037A48C /* Release */ = {
			isa = XCBuildConfiguration;
			buildSettings = {
				ALWAYS_SEARCH_USER_PATHS = NO;
				CLANG_ANALYZER_NONNULL = YES;
				CLANG_ANALYZER_NUMBER_OBJECT_CONVERSION = YES_AGGRESSIVE;
				CLANG_CXX_LANGUAGE_STANDARD = "gnu++14";
				CLANG_CXX_LIBRARY = "libc++";
				CLANG_ENABLE_MODULES = YES;
				CLANG_ENABLE_OBJC_ARC = YES;
				CLANG_WARN_BLOCK_CAPTURE_AUTORELEASING = YES;
				CLANG_WARN_BOOL_CONVERSION = YES;
				CLANG_WARN_COMMA = YES;
				CLANG_WARN_CONSTANT_CONVERSION = YES;
				CLANG_WARN_DIRECT_OBJC_ISA_USAGE = YES_ERROR;
				CLANG_WARN_DOCUMENTATION_COMMENTS = YES;
				CLANG_WARN_EMPTY_BODY = YES;
				CLANG_WARN_ENUM_CONVERSION = YES;
				CLANG_WARN_INFINITE_RECURSION = YES;
				CLANG_WARN_INT_CONVERSION = YES;
				CLANG_WARN_NON_LITERAL_NULL_CONVERSION = YES;
				CLANG_WARN_OBJC_LITERAL_CONVERSION = YES;
				CLANG_WARN_OBJC_ROOT_CLASS = YES_ERROR;
				CLANG_WARN_RANGE_LOOP_ANALYSIS = YES;
				CLANG_WARN_STRICT_PROTOTYPES = YES;
				CLANG_WARN_SUSPICIOUS_MOVE = YES;
				CLANG_WARN_UNGUARDED_AVAILABILITY = YES_AGGRESSIVE;
				CLANG_WARN_UNREACHABLE_CODE = YES;
				CLANG_WARN__DUPLICATE_METHOD_MATCH = YES;
				CODE_SIGN_IDENTITY = "iPhone Developer";
				COPY_PHASE_STRIP = NO;
				DEBUG_INFORMATION_FORMAT = "dwarf-with-dsym";
				ENABLE_NS_ASSERTIONS = NO;
				ENABLE_STRICT_OBJC_MSGSEND = YES;
				GCC_C_LANGUAGE_STANDARD = gnu11;
				GCC_NO_COMMON_BLOCKS = YES;
				GCC_WARN_64_TO_32_BIT_CONVERSION = YES;
				GCC_WARN_ABOUT_RETURN_TYPE = YES_ERROR;
				GCC_WARN_UNDECLARED_SELECTOR = YES;
				GCC_WARN_UNINITIALIZED_AUTOS = YES_AGGRESSIVE;
				GCC_WARN_UNUSED_FUNCTION = YES;
				GCC_WARN_UNUSED_VARIABLE = YES;
				IPHONEOS_DEPLOYMENT_TARGET = 11.2;
				MTL_ENABLE_DEBUG_INFO = NO;
				SDKROOT = iphoneos;
				VALIDATE_PRODUCT = YES;
			};
			name = Release;
		};
		342185281FE375110037A48C /* Debug */ = {
			isa = XCBuildConfiguration;
			buildSettings = {
				ASSETCATALOG_COMPILER_APPICON_NAME = AppIcon;
				CODE_SIGN_STYLE = Automatic;
				DEVELOPMENT_TEAM = 9CQ24Z5PJ5;
				INFOPLIST_FILE = MTShop/Info.plist;
				IPHONEOS_DEPLOYMENT_TARGET = 8.0;
				LD_RUNPATH_SEARCH_PATHS = "$(inherited) @executable_path/Frameworks";
				PRODUCT_BUNDLE_IDENTIFIER = MT.MTShop;
				PRODUCT_NAME = "$(TARGET_NAME)";
				TARGETED_DEVICE_FAMILY = "1,2";
			};
			name = Debug;
		};
		342185291FE375110037A48C /* Release */ = {
			isa = XCBuildConfiguration;
			buildSettings = {
				ASSETCATALOG_COMPILER_APPICON_NAME = AppIcon;
				CODE_SIGN_STYLE = Automatic;
				DEVELOPMENT_TEAM = 9CQ24Z5PJ5;
				INFOPLIST_FILE = MTShop/Info.plist;
				IPHONEOS_DEPLOYMENT_TARGET = 8.0;
				LD_RUNPATH_SEARCH_PATHS = "$(inherited) @executable_path/Frameworks";
				PRODUCT_BUNDLE_IDENTIFIER = MT.MTShop;
				PRODUCT_NAME = "$(TARGET_NAME)";
				TARGETED_DEVICE_FAMILY = "1,2";
			};
			name = Release;
		};
/* End XCBuildConfiguration section */

/* Begin XCConfigurationList section */
		3421850C1FE375110037A48C /* Build configuration list for PBXProject "MTShop" */ = {
			isa = XCConfigurationList;
			buildConfigurations = (
				342185251FE375110037A48C /* Debug */,
				342185261FE375110037A48C /* Release */,
			);
			defaultConfigurationIsVisible = 0;
			defaultConfigurationName = Release;
		};
		342185271FE375110037A48C /* Build configuration list for PBXNativeTarget "MTShop" */ = {
			isa = XCConfigurationList;
			buildConfigurations = (
				342185281FE375110037A48C /* Debug */,
				342185291FE375110037A48C /* Release */,
			);
			defaultConfigurationIsVisible = 0;
			defaultConfigurationName = Release;
		};
/* End XCConfigurationList section */
	};
	rootObject = 342185091FE375110037A48C /* Project object */;
}
