// !$*UTF8*$!
{
	archiveVersion = 1;
	classes = {
	};
	objectVersion = 48;
	objects = {

/* Begin PBXBuildFile section */
		3421851E1FE375110037A48C /* Assets.xcassets in Resources */ = {isa = PBXBuildFile; fileRef = 3421851D1FE375110037A48C /* Assets.xcassets */; };
		342185241FE375110037A48C /* main.m in Sources */ = {isa = PBXBuildFile; fileRef = 342185231FE375110037A48C /* main.m */; };
		3421852D1FE37AEE0037A48C /* AppDelegate.m in Sources */ = {isa = PBXBuildFile; fileRef = 3421852C1FE37AEE0037A48C /* AppDelegate.m */; };
		342185351FE37B140037A48C /* MTHomeController.m in Sources */ = {isa = PBXBuildFile; fileRef = 342185341FE37B140037A48C /* MTHomeController.m */; };
		342185381FE37B230037A48C /* MTHomeModel.m in Sources */ = {isa = PBXBuildFile; fileRef = 342185371FE37B230037A48C /* MTHomeModel.m */; };
		3421853B1FE37B2E0037A48C /* MTHomeView.m in Sources */ = {isa = PBXBuildFile; fileRef = 3421853A1FE37B2E0037A48C /* MTHomeView.m */; };
		342185511FE37D7D0037A48C /* MTNearbyController.m in Sources */ = {isa = PBXBuildFile; fileRef = 342185501FE37D7D0037A48C /* MTNearbyController.m */; };
		342185571FE37DAA0037A48C /* MTPublishController.m in Sources */ = {isa = PBXBuildFile; fileRef = 342185561FE37DAA0037A48C /* MTPublishController.m */; };
		3421855A1FE37DB50037A48C /* MTMessageController.m in Sources */ = {isa = PBXBuildFile; fileRef = 342185591FE37DB50037A48C /* MTMessageController.m */; };
		3421855D1FE37DC70037A48C /* MTMineController.m in Sources */ = {isa = PBXBuildFile; fileRef = 3421855C1FE37DC70037A48C /* MTMineController.m */; };
		342185601FE37DD40037A48C /* MTNearbyModel.m in Sources */ = {isa = PBXBuildFile; fileRef = 3421855F1FE37DD40037A48C /* MTNearbyModel.m */; };
		342185631FE37DE10037A48C /* MTPublishModel.m in Sources */ = {isa = PBXBuildFile; fileRef = 342185621FE37DE10037A48C /* MTPublishModel.m */; };
		342185661FE37DEB0037A48C /* MTMessageModel.m in Sources */ = {isa = PBXBuildFile; fileRef = 342185651FE37DEB0037A48C /* MTMessageModel.m */; };
		342185691FE37DF90037A48C /* MTMineModel.m in Sources */ = {isa = PBXBuildFile; fileRef = 342185681FE37DF90037A48C /* MTMineModel.m */; };
		3421856C1FE37E0D0037A48C /* MTNearbyView.m in Sources */ = {isa = PBXBuildFile; fileRef = 3421856B1FE37E0D0037A48C /* MTNearbyView.m */; };
		3421856F1FE37E230037A48C /* MTPubilshView.m in Sources */ = {isa = PBXBuildFile; fileRef = 3421856E1FE37E230037A48C /* MTPubilshView.m */; };
		342185721FE37E2C0037A48C /* MTMessageView.m in Sources */ = {isa = PBXBuildFile; fileRef = 342185711FE37E2C0037A48C /* MTMessageView.m */; };
		342185751FE37E3C0037A48C /* MTMineView.m in Sources */ = {isa = PBXBuildFile; fileRef = 342185741FE37E3C0037A48C /* MTMineView.m */; };
		3421857C1FE37F490037A48C /* MTTabBarController.m in Sources */ = {isa = PBXBuildFile; fileRef = 3421857B1FE37F490037A48C /* MTTabBarController.m */; };
		3421857F1FE37F670037A48C /* MTNavigationController.m in Sources */ = {isa = PBXBuildFile; fileRef = 3421857E1FE37F670037A48C /* MTNavigationController.m */; };
		342185821FE37F830037A48C /* MTTabBar.m in Sources */ = {isa = PBXBuildFile; fileRef = 342185811FE37F830037A48C /* MTTabBar.m */; };
		342185851FE37F950037A48C /* MTUser.m in Sources */ = {isa = PBXBuildFile; fileRef = 342185841FE37F950037A48C /* MTUser.m */; };
		342185931FE3B41C0037A48C /* MTBaseController.m in Sources */ = {isa = PBXBuildFile; fileRef = 342185921FE3B41C0037A48C /* MTBaseController.m */; };
		342185961FE3B42C0037A48C /* MTBaseModel.m in Sources */ = {isa = PBXBuildFile; fileRef = 342185951FE3B42C0037A48C /* MTBaseModel.m */; };
		342185991FE3B4370037A48C /* MTBaseView.m in Sources */ = {isa = PBXBuildFile; fileRef = 342185981FE3B4370037A48C /* MTBaseView.m */; };
		3421859C1FE3B5150037A48C /* MTBaseTableViewCell.m in Sources */ = {isa = PBXBuildFile; fileRef = 3421859B1FE3B5150037A48C /* MTBaseTableViewCell.m */; };
		342186111FE3B5C80037A48C /* NSDate+XMGExtension.m in Sources */ = {isa = PBXBuildFile; fileRef = 342185A01FE3B5C80037A48C /* NSDate+XMGExtension.m */; };
		342186121FE3B5C80037A48C /* NSDictionary+BHExtension.m in Sources */ = {isa = PBXBuildFile; fileRef = 342185A21FE3B5C80037A48C /* NSDictionary+BHExtension.m */; };
		342186131FE3B5C80037A48C /* NSFileManager+LHExtension.m in Sources */ = {isa = PBXBuildFile; fileRef = 342185A41FE3B5C80037A48C /* NSFileManager+LHExtension.m */; };
		342186141FE3B5C80037A48C /* NSString+Extension.m in Sources */ = {isa = PBXBuildFile; fileRef = 342185A61FE3B5C80037A48C /* NSString+Extension.m */; };
		342186151FE3B5C80037A48C /* SYImageBrower.m in Sources */ = {isa = PBXBuildFile; fileRef = 342185A81FE3B5C80037A48C /* SYImageBrower.m */; };
		342186161FE3B5C80037A48C /* UIBarButtonItem+MJ.m in Sources */ = {isa = PBXBuildFile; fileRef = 342185AA1FE3B5C80037A48C /* UIBarButtonItem+MJ.m */; };
		342186171FE3B5C80037A48C /* UIButton+Extension.m in Sources */ = {isa = PBXBuildFile; fileRef = 342185AC1FE3B5C80037A48C /* UIButton+Extension.m */; };
		342186181FE3B5C80037A48C /* UIColor+Extension.m in Sources */ = {isa = PBXBuildFile; fileRef = 342185AE1FE3B5C80037A48C /* UIColor+Extension.m */; };
		342186191FE3B5C80037A48C /* UIColor+LHExtension.m in Sources */ = {isa = PBXBuildFile; fileRef = 342185B01FE3B5C80037A48C /* UIColor+LHExtension.m */; };
		3421861A1FE3B5C80037A48C /* UIGestureRecognizer+Tag.m in Sources */ = {isa = PBXBuildFile; fileRef = 342185B21FE3B5C80037A48C /* UIGestureRecognizer+Tag.m */; };
		3421861B1FE3B5C80037A48C /* UIImage+Alpha.m in Sources */ = {isa = PBXBuildFile; fileRef = 342185B51FE3B5C80037A48C /* UIImage+Alpha.m */; };
		3421861C1FE3B5C80037A48C /* UIImage+animatedGIF.m in Sources */ = {isa = PBXBuildFile; fileRef = 342185B71FE3B5C80037A48C /* UIImage+animatedGIF.m */; };
		3421861D1FE3B5C80037A48C /* UIImage+BetterFace.m in Sources */ = {isa = PBXBuildFile; fileRef = 342185B91FE3B5C80037A48C /* UIImage+BetterFace.m */; };
		3421861E1FE3B5C80037A48C /* UIImage+Blur.m in Sources */ = {isa = PBXBuildFile; fileRef = 342185BB1FE3B5C80037A48C /* UIImage+Blur.m */; };
		3421861F1FE3B5C80037A48C /* UIImage+Capture.m in Sources */ = {isa = PBXBuildFile; fileRef = 342185BD1FE3B5C80037A48C /* UIImage+Capture.m */; };
		342186201FE3B5C80037A48C /* UIImage+Color.m in Sources */ = {isa = PBXBuildFile; fileRef = 342185BF1FE3B5C80037A48C /* UIImage+Color.m */; };
		342186211FE3B5C80037A48C /* UIImage+FileName.m in Sources */ = {isa = PBXBuildFile; fileRef = 342185C11FE3B5C80037A48C /* UIImage+FileName.m */; };
		342186221FE3B5C80037A48C /* UIImage+FX.m in Sources */ = {isa = PBXBuildFile; fileRef = 342185C31FE3B5C80037A48C /* UIImage+FX.m */; };
		342186231FE3B5C80037A48C /* UIImage+GIF.m in Sources */ = {isa = PBXBuildFile; fileRef = 342185C51FE3B5C80037A48C /* UIImage+GIF.m */; };
		342186241FE3B5C80037A48C /* UIImage+Merge.m in Sources */ = {isa = PBXBuildFile; fileRef = 342185C71FE3B5C80037A48C /* UIImage+Merge.m */; };
		342186251FE3B5C80037A48C /* UIImage+Orientation.m in Sources */ = {isa = PBXBuildFile; fileRef = 342185C91FE3B5C80037A48C /* UIImage+Orientation.m */; };
		342186261FE3B5C80037A48C /* UIImage+PDF.m in Sources */ = {isa = PBXBuildFile; fileRef = 342185CB1FE3B5C80037A48C /* UIImage+PDF.m */; };
		342186271FE3B5C80037A48C /* UIImage+RemoteSize.m in Sources */ = {isa = PBXBuildFile; fileRef = 342185CD1FE3B5C80037A48C /* UIImage+RemoteSize.m */; };
		342186281FE3B5C80037A48C /* UIImage+Resize.m in Sources */ = {isa = PBXBuildFile; fileRef = 342185CF1FE3B5C80037A48C /* UIImage+Resize.m */; };
		342186291FE3B5C80037A48C /* UIImage+RoundedCorner.m in Sources */ = {isa = PBXBuildFile; fileRef = 342185D11FE3B5C80037A48C /* UIImage+RoundedCorner.m */; };
		3421862A1FE3B5C80037A48C /* UIImage+Vector.m in Sources */ = {isa = PBXBuildFile; fileRef = 342185D31FE3B5C80037A48C /* UIImage+Vector.m */; };
		3421862B1FE3B5C80037A48C /* UIImage+BHImageColor.m in Sources */ = {isa = PBXBuildFile; fileRef = 342185D51FE3B5C80037A48C /* UIImage+BHImageColor.m */; };
		3421862C1FE3B5C80037A48C /* UIImage+extend.m in Sources */ = {isa = PBXBuildFile; fileRef = 342185D71FE3B5C80037A48C /* UIImage+extend.m */; };
		3421862D1FE3B5C80037A48C /* UIImage+MJ.m in Sources */ = {isa = PBXBuildFile; fileRef = 342185D91FE3B5C80037A48C /* UIImage+MJ.m */; };
		3421862E1FE3B5C80037A48C /* UIKitExtend.m in Sources */ = {isa = PBXBuildFile; fileRef = 342185DB1FE3B5C80037A48C /* UIKitExtend.m */; };
		3421862F1FE3B5C80037A48C /* UILabel+Extension.m in Sources */ = {isa = PBXBuildFile; fileRef = 342185DD1FE3B5C80037A48C /* UILabel+Extension.m */; };
		342186301FE3B5C80037A48C /* UIScrollView+Draging.m in Sources */ = {isa = PBXBuildFile; fileRef = 342185DF1FE3B5C80037A48C /* UIScrollView+Draging.m */; };
		342186311FE3B5C80037A48C /* UITabBar+bageValue.m in Sources */ = {isa = PBXBuildFile; fileRef = 342185E11FE3B5C80037A48C /* UITabBar+bageValue.m */; };
		342186321FE3B5C80037A48C /* UITabBar+BHBadge.m in Sources */ = {isa = PBXBuildFile; fileRef = 342185E31FE3B5C80037A48C /* UITabBar+BHBadge.m */; };
		342186331FE3B5C80037A48C /* UITextField+Extension.m in Sources */ = {isa = PBXBuildFile; fileRef = 342185E51FE3B5C80037A48C /* UITextField+Extension.m */; };
		342186341FE3B5C80037A48C /* UIView+Animation.m in Sources */ = {isa = PBXBuildFile; fileRef = 342185E81FE3B5C80037A48C /* UIView+Animation.m */; };
		342186351FE3B5C80037A48C /* UIView+BlockGesture.m in Sources */ = {isa = PBXBuildFile; fileRef = 342185EA1FE3B5C80037A48C /* UIView+BlockGesture.m */; };
		342186361FE3B5C80037A48C /* UIView+Constraints.m in Sources */ = {isa = PBXBuildFile; fileRef = 342185EC1FE3B5C80037A48C /* UIView+Constraints.m */; };
		342186371FE3B5C80037A48C /* UIView+CustomBorder.m in Sources */ = {isa = PBXBuildFile; fileRef = 342185EE1FE3B5C80037A48C /* UIView+CustomBorder.m */; };
		342186381FE3B5C80037A48C /* UIView+Debug.m in Sources */ = {isa = PBXBuildFile; fileRef = 342185F01FE3B5C80037A48C /* UIView+Debug.m */; };
		342186391FE3B5C80037A48C /* UIView+draggable.m in Sources */ = {isa = PBXBuildFile; fileRef = 342185F21FE3B5C80037A48C /* UIView+draggable.m */; };
		3421863A1FE3B5C80037A48C /* UIView+FDCollapsibleConstraints.m in Sources */ = {isa = PBXBuildFile; fileRef = 342185F41FE3B5C80037A48C /* UIView+FDCollapsibleConstraints.m */; };
		3421863B1FE3B5C80037A48C /* UIView+Find.m in Sources */ = {isa = PBXBuildFile; fileRef = 342185F61FE3B5C80037A48C /* UIView+Find.m */; };
		3421863C1FE3B5C80037A48C /* UIView+Frame.m in Sources */ = {isa = PBXBuildFile; fileRef = 342185F81FE3B5C80037A48C /* UIView+Frame.m */; };
		3421863D1FE3B5C80037A48C /* UIView+GestureCallback.m in Sources */ = {isa = PBXBuildFile; fileRef = 342185FA1FE3B5C80037A48C /* UIView+GestureCallback.m */; };
		3421863E1FE3B5C80037A48C /* UIView+Nib.m in Sources */ = {isa = PBXBuildFile; fileRef = 342185FC1FE3B5C80037A48C /* UIView+Nib.m */; };
		3421863F1FE3B5C80037A48C /* UIView+Recursion.m in Sources */ = {isa = PBXBuildFile; fileRef = 342185FE1FE3B5C80037A48C /* UIView+Recursion.m */; };
		342186401FE3B5C80037A48C /* UIView+Screenshot.m in Sources */ = {isa = PBXBuildFile; fileRef = 342186001FE3B5C80037A48C /* UIView+Screenshot.m */; };
		342186411FE3B5C80037A48C /* UIView+Shake.m in Sources */ = {isa = PBXBuildFile; fileRef = 342186021FE3B5C80037A48C /* UIView+Shake.m */; };
		342186421FE3B5C80037A48C /* UIView+Toast.m in Sources */ = {isa = PBXBuildFile; fileRef = 342186041FE3B5C80037A48C /* UIView+Toast.m */; };
		342186431FE3B5C80037A48C /* UIView+ViewController.m in Sources */ = {isa = PBXBuildFile; fileRef = 342186061FE3B5C80037A48C /* UIView+ViewController.m */; };
		342186441FE3B5C80037A48C /* UIView+Visuals.m in Sources */ = {isa = PBXBuildFile; fileRef = 342186081FE3B5C80037A48C /* UIView+Visuals.m */; };
		342186451FE3B5C80037A48C /* UIView+Extension.m in Sources */ = {isa = PBXBuildFile; fileRef = 3421860A1FE3B5C80037A48C /* UIView+Extension.m */; };
		342186461FE3B5C80037A48C /* UIViewController+BHExtension.m in Sources */ = {isa = PBXBuildFile; fileRef = 3421860C1FE3B5C80037A48C /* UIViewController+BHExtension.m */; };
		342186471FE3B5C80037A48C /* UIViewController+Extension.m in Sources */ = {isa = PBXBuildFile; fileRef = 3421860E1FE3B5C80037A48C /* UIViewController+Extension.m */; };
		342186481FE3B5C80037A48C /* UIViewController+LeftBarButton.m in Sources */ = {isa = PBXBuildFile; fileRef = 342186101FE3B5C80037A48C /* UIViewController+LeftBarButton.m */; };
		54940886778126DAF6FA484A /* libPods-MTShop.a in Frameworks */ = {isa = PBXBuildFile; fileRef = BD7CC120350E645078F76770 /* libPods-MTShop.a */; };
/* End PBXBuildFile section */

/* Begin PBXFileReference section */
		342185111FE375110037A48C /* MTShop.app */ = {isa = PBXFileReference; explicitFileType = wrapper.application; includeInIndex = 0; path = MTShop.app; sourceTree = BUILT_PRODUCTS_DIR; };
		3421851D1FE375110037A48C /* Assets.xcassets */ = {isa = PBXFileReference; lastKnownFileType = folder.assetcatalog; path = Assets.xcassets; sourceTree = "<group>"; };
		342185221FE375110037A48C /* Info.plist */ = {isa = PBXFileReference; lastKnownFileType = text.plist.xml; path = Info.plist; sourceTree = "<group>"; };
		342185231FE375110037A48C /* main.m */ = {isa = PBXFileReference; lastKnownFileType = sourcecode.c.objc; path = main.m; sourceTree = "<group>"; };
		3421852B1FE37AEE0037A48C /* AppDelegate.h */ = {isa = PBXFileReference; fileEncoding = 4; lastKnownFileType = sourcecode.c.h; path = AppDelegate.h; sourceTree = "<group>"; };
		3421852C1FE37AEE0037A48C /* AppDelegate.m */ = {isa = PBXFileReference; fileEncoding = 4; lastKnownFileType = sourcecode.c.objc; path = AppDelegate.m; sourceTree = "<group>"; };
		342185331FE37B140037A48C /* MTHomeController.h */ = {isa = PBXFileReference; lastKnownFileType = sourcecode.c.h; path = MTHomeController.h; sourceTree = "<group>"; };
		342185341FE37B140037A48C /* MTHomeController.m */ = {isa = PBXFileReference; lastKnownFileType = sourcecode.c.objc; path = MTHomeController.m; sourceTree = "<group>"; };
		342185361FE37B230037A48C /* MTHomeModel.h */ = {isa = PBXFileReference; lastKnownFileType = sourcecode.c.h; path = MTHomeModel.h; sourceTree = "<group>"; };
		342185371FE37B230037A48C /* MTHomeModel.m */ = {isa = PBXFileReference; lastKnownFileType = sourcecode.c.objc; path = MTHomeModel.m; sourceTree = "<group>"; };
		342185391FE37B2E0037A48C /* MTHomeView.h */ = {isa = PBXFileReference; lastKnownFileType = sourcecode.c.h; path = MTHomeView.h; sourceTree = "<group>"; };
		3421853A1FE37B2E0037A48C /* MTHomeView.m */ = {isa = PBXFileReference; lastKnownFileType = sourcecode.c.objc; path = MTHomeView.m; sourceTree = "<group>"; };
		3421854F1FE37D7D0037A48C /* MTNearbyController.h */ = {isa = PBXFileReference; lastKnownFileType = sourcecode.c.h; path = MTNearbyController.h; sourceTree = "<group>"; };
		342185501FE37D7D0037A48C /* MTNearbyController.m */ = {isa = PBXFileReference; lastKnownFileType = sourcecode.c.objc; path = MTNearbyController.m; sourceTree = "<group>"; };
		342185551FE37DAA0037A48C /* MTPublishController.h */ = {isa = PBXFileReference; lastKnownFileType = sourcecode.c.h; path = MTPublishController.h; sourceTree = "<group>"; };
		342185561FE37DAA0037A48C /* MTPublishController.m */ = {isa = PBXFileReference; lastKnownFileType = sourcecode.c.objc; path = MTPublishController.m; sourceTree = "<group>"; };
		342185581FE37DB50037A48C /* MTMessageController.h */ = {isa = PBXFileReference; lastKnownFileType = sourcecode.c.h; path = MTMessageController.h; sourceTree = "<group>"; };
		342185591FE37DB50037A48C /* MTMessageController.m */ = {isa = PBXFileReference; lastKnownFileType = sourcecode.c.objc; path = MTMessageController.m; sourceTree = "<group>"; };
		3421855B1FE37DC70037A48C /* MTMineController.h */ = {isa = PBXFileReference; lastKnownFileType = sourcecode.c.h; path = MTMineController.h; sourceTree = "<group>"; };
		3421855C1FE37DC70037A48C /* MTMineController.m */ = {isa = PBXFileReference; lastKnownFileType = sourcecode.c.objc; path = MTMineController.m; sourceTree = "<group>"; };
		3421855E1FE37DD40037A48C /* MTNearbyModel.h */ = {isa = PBXFileReference; lastKnownFileType = sourcecode.c.h; path = MTNearbyModel.h; sourceTree = "<group>"; };
		3421855F1FE37DD40037A48C /* MTNearbyModel.m */ = {isa = PBXFileReference; lastKnownFileType = sourcecode.c.objc; path = MTNearbyModel.m; sourceTree = "<group>"; };
		342185611FE37DE10037A48C /* MTPublishModel.h */ = {isa = PBXFileReference; lastKnownFileType = sourcecode.c.h; path = MTPublishModel.h; sourceTree = "<group>"; };
		342185621FE37DE10037A48C /* MTPublishModel.m */ = {isa = PBXFileReference; lastKnownFileType = sourcecode.c.objc; path = MTPublishModel.m; sourceTree = "<group>"; };
		342185641FE37DEB0037A48C /* MTMessageModel.h */ = {isa = PBXFileReference; lastKnownFileType = sourcecode.c.h; path = MTMessageModel.h; sourceTree = "<group>"; };
		342185651FE37DEB0037A48C /* MTMessageModel.m */ = {isa = PBXFileReference; lastKnownFileType = sourcecode.c.objc; path = MTMessageModel.m; sourceTree = "<group>"; };
		342185671FE37DF90037A48C /* MTMineModel.h */ = {isa = PBXFileReference; lastKnownFileType = sourcecode.c.h; path = MTMineModel.h; sourceTree = "<group>"; };
		342185681FE37DF90037A48C /* MTMineModel.m */ = {isa = PBXFileReference; lastKnownFileType = sourcecode.c.objc; path = MTMineModel.m; sourceTree = "<group>"; };
		3421856A1FE37E0D0037A48C /* MTNearbyView.h */ = {isa = PBXFileReference; lastKnownFileType = sourcecode.c.h; path = MTNearbyView.h; sourceTree = "<group>"; };
		3421856B1FE37E0D0037A48C /* MTNearbyView.m */ = {isa = PBXFileReference; lastKnownFileType = sourcecode.c.objc; path = MTNearbyView.m; sourceTree = "<group>"; };
		3421856D1FE37E230037A48C /* MTPubilshView.h */ = {isa = PBXFileReference; lastKnownFileType = sourcecode.c.h; path = MTPubilshView.h; sourceTree = "<group>"; };
		3421856E1FE37E230037A48C /* MTPubilshView.m */ = {isa = PBXFileReference; lastKnownFileType = sourcecode.c.objc; path = MTPubilshView.m; sourceTree = "<group>"; };
		342185701FE37E2C0037A48C /* MTMessageView.h */ = {isa = PBXFileReference; lastKnownFileType = sourcecode.c.h; path = MTMessageView.h; sourceTree = "<group>"; };
		342185711FE37E2C0037A48C /* MTMessageView.m */ = {isa = PBXFileReference; lastKnownFileType = sourcecode.c.objc; path = MTMessageView.m; sourceTree = "<group>"; };
		342185731FE37E3C0037A48C /* MTMineView.h */ = {isa = PBXFileReference; lastKnownFileType = sourcecode.c.h; path = MTMineView.h; sourceTree = "<group>"; };
		342185741FE37E3C0037A48C /* MTMineView.m */ = {isa = PBXFileReference; lastKnownFileType = sourcecode.c.objc; path = MTMineView.m; sourceTree = "<group>"; };
		3421857A1FE37F490037A48C /* MTTabBarController.h */ = {isa = PBXFileReference; lastKnownFileType = sourcecode.c.h; path = MTTabBarController.h; sourceTree = "<group>"; };
		3421857B1FE37F490037A48C /* MTTabBarController.m */ = {isa = PBXFileReference; lastKnownFileType = sourcecode.c.objc; path = MTTabBarController.m; sourceTree = "<group>"; };
		3421857D1FE37F670037A48C /* MTNavigationController.h */ = {isa = PBXFileReference; lastKnownFileType = sourcecode.c.h; path = MTNavigationController.h; sourceTree = "<group>"; };
		3421857E1FE37F670037A48C /* MTNavigationController.m */ = {isa = PBXFileReference; lastKnownFileType = sourcecode.c.objc; path = MTNavigationController.m; sourceTree = "<group>"; };
		342185801FE37F830037A48C /* MTTabBar.h */ = {isa = PBXFileReference; lastKnownFileType = sourcecode.c.h; path = MTTabBar.h; sourceTree = "<group>"; };
		342185811FE37F830037A48C /* MTTabBar.m */ = {isa = PBXFileReference; lastKnownFileType = sourcecode.c.objc; path = MTTabBar.m; sourceTree = "<group>"; };
		342185831FE37F950037A48C /* MTUser.h */ = {isa = PBXFileReference; lastKnownFileType = sourcecode.c.h; path = MTUser.h; sourceTree = "<group>"; };
		342185841FE37F950037A48C /* MTUser.m */ = {isa = PBXFileReference; lastKnownFileType = sourcecode.c.objc; path = MTUser.m; sourceTree = "<group>"; };
		342185891FE392980037A48C /* MTShop.pch */ = {isa = PBXFileReference; lastKnownFileType = sourcecode.c.h; path = MTShop.pch; sourceTree = "<group>"; };
		3421858A1FE392E00037A48C /* MTShopAPI.h */ = {isa = PBXFileReference; lastKnownFileType = sourcecode.c.h; path = MTShopAPI.h; sourceTree = "<group>"; };
		3421858B1FE392F20037A48C /* MTShopDefine.h */ = {isa = PBXFileReference; lastKnownFileType = sourcecode.c.h; path = MTShopDefine.h; sourceTree = "<group>"; };
		3421858C1FE3934C0037A48C /* MTShopMacro.h */ = {isa = PBXFileReference; lastKnownFileType = sourcecode.c.h; path = MTShopMacro.h; sourceTree = "<group>"; };
		342185911FE3B41C0037A48C /* MTBaseController.h */ = {isa = PBXFileReference; lastKnownFileType = sourcecode.c.h; path = MTBaseController.h; sourceTree = "<group>"; };
		342185921FE3B41C0037A48C /* MTBaseController.m */ = {isa = PBXFileReference; lastKnownFileType = sourcecode.c.objc; path = MTBaseController.m; sourceTree = "<group>"; };
		342185941FE3B42C0037A48C /* MTBaseModel.h */ = {isa = PBXFileReference; lastKnownFileType = sourcecode.c.h; path = MTBaseModel.h; sourceTree = "<group>"; };
		342185951FE3B42C0037A48C /* MTBaseModel.m */ = {isa = PBXFileReference; lastKnownFileType = sourcecode.c.objc; path = MTBaseModel.m; sourceTree = "<group>"; };
		342185971FE3B4370037A48C /* MTBaseView.h */ = {isa = PBXFileReference; lastKnownFileType = sourcecode.c.h; path = MTBaseView.h; sourceTree = "<group>"; };
		342185981FE3B4370037A48C /* MTBaseView.m */ = {isa = PBXFileReference; lastKnownFileType = sourcecode.c.objc; path = MTBaseView.m; sourceTree = "<group>"; };
		3421859A1FE3B5150037A48C /* MTBaseTableViewCell.h */ = {isa = PBXFileReference; lastKnownFileType = sourcecode.c.h; path = MTBaseTableViewCell.h; sourceTree = "<group>"; };
		3421859B1FE3B5150037A48C /* MTBaseTableViewCell.m */ = {isa = PBXFileReference; lastKnownFileType = sourcecode.c.objc; path = MTBaseTableViewCell.m; sourceTree = "<group>"; };
		3421859F1FE3B5C80037A48C /* NSDate+XMGExtension.h */ = {isa = PBXFileReference; fileEncoding = 4; lastKnownFileType = sourcecode.c.h; path = "NSDate+XMGExtension.h"; sourceTree = "<group>"; };
		342185A01FE3B5C80037A48C /* NSDate+XMGExtension.m */ = {isa = PBXFileReference; fileEncoding = 4; lastKnownFileType = sourcecode.c.objc; path = "NSDate+XMGExtension.m"; sourceTree = "<group>"; };
		342185A11FE3B5C80037A48C /* NSDictionary+BHExtension.h */ = {isa = PBXFileReference; fileEncoding = 4; lastKnownFileType = sourcecode.c.h; path = "NSDictionary+BHExtension.h"; sourceTree = "<group>"; };
		342185A21FE3B5C80037A48C /* NSDictionary+BHExtension.m */ = {isa = PBXFileReference; fileEncoding = 4; lastKnownFileType = sourcecode.c.objc; path = "NSDictionary+BHExtension.m"; sourceTree = "<group>"; };
		342185A31FE3B5C80037A48C /* NSFileManager+LHExtension.h */ = {isa = PBXFileReference; fileEncoding = 4; lastKnownFileType = sourcecode.c.h; path = "NSFileManager+LHExtension.h"; sourceTree = "<group>"; };
		342185A41FE3B5C80037A48C /* NSFileManager+LHExtension.m */ = {isa = PBXFileReference; fileEncoding = 4; lastKnownFileType = sourcecode.c.objc; path = "NSFileManager+LHExtension.m"; sourceTree = "<group>"; };
		342185A51FE3B5C80037A48C /* NSString+Extension.h */ = {isa = PBXFileReference; fileEncoding = 4; lastKnownFileType = sourcecode.c.h; path = "NSString+Extension.h"; sourceTree = "<group>"; };
		342185A61FE3B5C80037A48C /* NSString+Extension.m */ = {isa = PBXFileReference; fileEncoding = 4; lastKnownFileType = sourcecode.c.objc; path = "NSString+Extension.m"; sourceTree = "<group>"; };
		342185A71FE3B5C80037A48C /* SYImageBrower.h */ = {isa = PBXFileReference; fileEncoding = 4; lastKnownFileType = sourcecode.c.h; path = SYImageBrower.h; sourceTree = "<group>"; };
		342185A81FE3B5C80037A48C /* SYImageBrower.m */ = {isa = PBXFileReference; fileEncoding = 4; lastKnownFileType = sourcecode.c.objc; path = SYImageBrower.m; sourceTree = "<group>"; };
		342185A91FE3B5C80037A48C /* UIBarButtonItem+MJ.h */ = {isa = PBXFileReference; fileEncoding = 4; lastKnownFileType = sourcecode.c.h; path = "UIBarButtonItem+MJ.h"; sourceTree = "<group>"; };
		342185AA1FE3B5C80037A48C /* UIBarButtonItem+MJ.m */ = {isa = PBXFileReference; fileEncoding = 4; lastKnownFileType = sourcecode.c.objc; path = "UIBarButtonItem+MJ.m"; sourceTree = "<group>"; };
		342185AB1FE3B5C80037A48C /* UIButton+Extension.h */ = {isa = PBXFileReference; fileEncoding = 4; lastKnownFileType = sourcecode.c.h; path = "UIButton+Extension.h"; sourceTree = "<group>"; };
		342185AC1FE3B5C80037A48C /* UIButton+Extension.m */ = {isa = PBXFileReference; fileEncoding = 4; lastKnownFileType = sourcecode.c.objc; path = "UIButton+Extension.m"; sourceTree = "<group>"; };
		342185AD1FE3B5C80037A48C /* UIColor+Extension.h */ = {isa = PBXFileReference; fileEncoding = 4; lastKnownFileType = sourcecode.c.h; path = "UIColor+Extension.h"; sourceTree = "<group>"; };
		342185AE1FE3B5C80037A48C /* UIColor+Extension.m */ = {isa = PBXFileReference; fileEncoding = 4; lastKnownFileType = sourcecode.c.objc; path = "UIColor+Extension.m"; sourceTree = "<group>"; };
		342185AF1FE3B5C80037A48C /* UIColor+LHExtension.h */ = {isa = PBXFileReference; fileEncoding = 4; lastKnownFileType = sourcecode.c.h; path = "UIColor+LHExtension.h"; sourceTree = "<group>"; };
		342185B01FE3B5C80037A48C /* UIColor+LHExtension.m */ = {isa = PBXFileReference; fileEncoding = 4; lastKnownFileType = sourcecode.c.objc; path = "UIColor+LHExtension.m"; sourceTree = "<group>"; };
		342185B11FE3B5C80037A48C /* UIGestureRecognizer+Tag.h */ = {isa = PBXFileReference; fileEncoding = 4; lastKnownFileType = sourcecode.c.h; path = "UIGestureRecognizer+Tag.h"; sourceTree = "<group>"; };
		342185B21FE3B5C80037A48C /* UIGestureRecognizer+Tag.m */ = {isa = PBXFileReference; fileEncoding = 4; lastKnownFileType = sourcecode.c.objc; path = "UIGestureRecognizer+Tag.m"; sourceTree = "<group>"; };
		342185B41FE3B5C80037A48C /* UIImage+Alpha.h */ = {isa = PBXFileReference; fileEncoding = 4; lastKnownFileType = sourcecode.c.h; path = "UIImage+Alpha.h"; sourceTree = "<group>"; };
		342185B51FE3B5C80037A48C /* UIImage+Alpha.m */ = {isa = PBXFileReference; fileEncoding = 4; lastKnownFileType = sourcecode.c.objc; path = "UIImage+Alpha.m"; sourceTree = "<group>"; };
		342185B61FE3B5C80037A48C /* UIImage+animatedGIF.h */ = {isa = PBXFileReference; fileEncoding = 4; lastKnownFileType = sourcecode.c.h; path = "UIImage+animatedGIF.h"; sourceTree = "<group>"; };
		342185B71FE3B5C80037A48C /* UIImage+animatedGIF.m */ = {isa = PBXFileReference; fileEncoding = 4; lastKnownFileType = sourcecode.c.objc; path = "UIImage+animatedGIF.m"; sourceTree = "<group>"; };
		342185B81FE3B5C80037A48C /* UIImage+BetterFace.h */ = {isa = PBXFileReference; fileEncoding = 4; lastKnownFileType = sourcecode.c.h; path = "UIImage+BetterFace.h"; sourceTree = "<group>"; };
		342185B91FE3B5C80037A48C /* UIImage+BetterFace.m */ = {isa = PBXFileReference; fileEncoding = 4; lastKnownFileType = sourcecode.c.objc; path = "UIImage+BetterFace.m"; sourceTree = "<group>"; };
		342185BA1FE3B5C80037A48C /* UIImage+Blur.h */ = {isa = PBXFileReference; fileEncoding = 4; lastKnownFileType = sourcecode.c.h; path = "UIImage+Blur.h"; sourceTree = "<group>"; };
		342185BB1FE3B5C80037A48C /* UIImage+Blur.m */ = {isa = PBXFileReference; fileEncoding = 4; lastKnownFileType = sourcecode.c.objc; path = "UIImage+Blur.m"; sourceTree = "<group>"; };
		342185BC1FE3B5C80037A48C /* UIImage+Capture.h */ = {isa = PBXFileReference; fileEncoding = 4; lastKnownFileType = sourcecode.c.h; path = "UIImage+Capture.h"; sourceTree = "<group>"; };
		342185BD1FE3B5C80037A48C /* UIImage+Capture.m */ = {isa = PBXFileReference; fileEncoding = 4; lastKnownFileType = sourcecode.c.objc; path = "UIImage+Capture.m"; sourceTree = "<group>"; };
		342185BE1FE3B5C80037A48C /* UIImage+Color.h */ = {isa = PBXFileReference; fileEncoding = 4; lastKnownFileType = sourcecode.c.h; path = "UIImage+Color.h"; sourceTree = "<group>"; };
		342185BF1FE3B5C80037A48C /* UIImage+Color.m */ = {isa = PBXFileReference; fileEncoding = 4; lastKnownFileType = sourcecode.c.objc; path = "UIImage+Color.m"; sourceTree = "<group>"; };
		342185C01FE3B5C80037A48C /* UIImage+FileName.h */ = {isa = PBXFileReference; fileEncoding = 4; lastKnownFileType = sourcecode.c.h; path = "UIImage+FileName.h"; sourceTree = "<group>"; };
		342185C11FE3B5C80037A48C /* UIImage+FileName.m */ = {isa = PBXFileReference; fileEncoding = 4; lastKnownFileType = sourcecode.c.objc; path = "UIImage+FileName.m"; sourceTree = "<group>"; };
		342185C21FE3B5C80037A48C /* UIImage+FX.h */ = {isa = PBXFileReference; fileEncoding = 4; lastKnownFileType = sourcecode.c.h; path = "UIImage+FX.h"; sourceTree = "<group>"; };
		342185C31FE3B5C80037A48C /* UIImage+FX.m */ = {isa = PBXFileReference; fileEncoding = 4; lastKnownFileType = sourcecode.c.objc; path = "UIImage+FX.m"; sourceTree = "<group>"; };
		342185C41FE3B5C80037A48C /* UIImage+GIF.h */ = {isa = PBXFileReference; fileEncoding = 4; lastKnownFileType = sourcecode.c.h; path = "UIImage+GIF.h"; sourceTree = "<group>"; };
		342185C51FE3B5C80037A48C /* UIImage+GIF.m */ = {isa = PBXFileReference; fileEncoding = 4; lastKnownFileType = sourcecode.c.objc; path = "UIImage+GIF.m"; sourceTree = "<group>"; };
		342185C61FE3B5C80037A48C /* UIImage+Merge.h */ = {isa = PBXFileReference; fileEncoding = 4; lastKnownFileType = sourcecode.c.h; path = "UIImage+Merge.h"; sourceTree = "<group>"; };
		342185C71FE3B5C80037A48C /* UIImage+Merge.m */ = {isa = PBXFileReference; fileEncoding = 4; lastKnownFileType = sourcecode.c.objc; path = "UIImage+Merge.m"; sourceTree = "<group>"; };
		342185C81FE3B5C80037A48C /* UIImage+Orientation.h */ = {isa = PBXFileReference; fileEncoding = 4; lastKnownFileType = sourcecode.c.h; path = "UIImage+Orientation.h"; sourceTree = "<group>"; };
		342185C91FE3B5C80037A48C /* UIImage+Orientation.m */ = {isa = PBXFileReference; fileEncoding = 4; lastKnownFileType = sourcecode.c.objc; path = "UIImage+Orientation.m"; sourceTree = "<group>"; };
		342185CA1FE3B5C80037A48C /* UIImage+PDF.h */ = {isa = PBXFileReference; fileEncoding = 4; lastKnownFileType = sourcecode.c.h; path = "UIImage+PDF.h"; sourceTree = "<group>"; };
		342185CB1FE3B5C80037A48C /* UIImage+PDF.m */ = {isa = PBXFileReference; fileEncoding = 4; lastKnownFileType = sourcecode.c.objc; path = "UIImage+PDF.m"; sourceTree = "<group>"; };
		342185CC1FE3B5C80037A48C /* UIImage+RemoteSize.h */ = {isa = PBXFileReference; fileEncoding = 4; lastKnownFileType = sourcecode.c.h; path = "UIImage+RemoteSize.h"; sourceTree = "<group>"; };
		342185CD1FE3B5C80037A48C /* UIImage+RemoteSize.m */ = {isa = PBXFileReference; fileEncoding = 4; lastKnownFileType = sourcecode.c.objc; path = "UIImage+RemoteSize.m"; sourceTree = "<group>"; };
		342185CE1FE3B5C80037A48C /* UIImage+Resize.h */ = {isa = PBXFileReference; fileEncoding = 4; lastKnownFileType = sourcecode.c.h; path = "UIImage+Resize.h"; sourceTree = "<group>"; };
		342185CF1FE3B5C80037A48C /* UIImage+Resize.m */ = {isa = PBXFileReference; fileEncoding = 4; lastKnownFileType = sourcecode.c.objc; path = "UIImage+Resize.m"; sourceTree = "<group>"; };
		342185D01FE3B5C80037A48C /* UIImage+RoundedCorner.h */ = {isa = PBXFileReference; fileEncoding = 4; lastKnownFileType = sourcecode.c.h; path = "UIImage+RoundedCorner.h"; sourceTree = "<group>"; };
		342185D11FE3B5C80037A48C /* UIImage+RoundedCorner.m */ = {isa = PBXFileReference; fileEncoding = 4; lastKnownFileType = sourcecode.c.objc; path = "UIImage+RoundedCorner.m"; sourceTree = "<group>"; };
		342185D21FE3B5C80037A48C /* UIImage+Vector.h */ = {isa = PBXFileReference; fileEncoding = 4; lastKnownFileType = sourcecode.c.h; path = "UIImage+Vector.h"; sourceTree = "<group>"; };
		342185D31FE3B5C80037A48C /* UIImage+Vector.m */ = {isa = PBXFileReference; fileEncoding = 4; lastKnownFileType = sourcecode.c.objc; path = "UIImage+Vector.m"; sourceTree = "<group>"; };
		342185D41FE3B5C80037A48C /* UIImage+BHImageColor.h */ = {isa = PBXFileReference; fileEncoding = 4; lastKnownFileType = sourcecode.c.h; path = "UIImage+BHImageColor.h"; sourceTree = "<group>"; };
		342185D51FE3B5C80037A48C /* UIImage+BHImageColor.m */ = {isa = PBXFileReference; fileEncoding = 4; lastKnownFileType = sourcecode.c.objc; path = "UIImage+BHImageColor.m"; sourceTree = "<group>"; };
		342185D61FE3B5C80037A48C /* UIImage+extend.h */ = {isa = PBXFileReference; fileEncoding = 4; lastKnownFileType = sourcecode.c.h; path = "UIImage+extend.h"; sourceTree = "<group>"; };
		342185D71FE3B5C80037A48C /* UIImage+extend.m */ = {isa = PBXFileReference; fileEncoding = 4; lastKnownFileType = sourcecode.c.objc; path = "UIImage+extend.m"; sourceTree = "<group>"; };
		342185D81FE3B5C80037A48C /* UIImage+MJ.h */ = {isa = PBXFileReference; fileEncoding = 4; lastKnownFileType = sourcecode.c.h; path = "UIImage+MJ.h"; sourceTree = "<group>"; };
		342185D91FE3B5C80037A48C /* UIImage+MJ.m */ = {isa = PBXFileReference; fileEncoding = 4; lastKnownFileType = sourcecode.c.objc; path = "UIImage+MJ.m"; sourceTree = "<group>"; };
		342185DA1FE3B5C80037A48C /* UIKitExtend.h */ = {isa = PBXFileReference; fileEncoding = 4; lastKnownFileType = sourcecode.c.h; path = UIKitExtend.h; sourceTree = "<group>"; };
		342185DB1FE3B5C80037A48C /* UIKitExtend.m */ = {isa = PBXFileReference; fileEncoding = 4; lastKnownFileType = sourcecode.c.objc; path = UIKitExtend.m; sourceTree = "<group>"; };
		342185DC1FE3B5C80037A48C /* UILabel+Extension.h */ = {isa = PBXFileReference; fileEncoding = 4; lastKnownFileType = sourcecode.c.h; path = "UILabel+Extension.h"; sourceTree = "<group>"; };
		342185DD1FE3B5C80037A48C /* UILabel+Extension.m */ = {isa = PBXFileReference; fileEncoding = 4; lastKnownFileType = sourcecode.c.objc; path = "UILabel+Extension.m"; sourceTree = "<group>"; };
		342185DE1FE3B5C80037A48C /* UIScrollView+Draging.h */ = {isa = PBXFileReference; fileEncoding = 4; lastKnownFileType = sourcecode.c.h; path = "UIScrollView+Draging.h"; sourceTree = "<group>"; };
		342185DF1FE3B5C80037A48C /* UIScrollView+Draging.m */ = {isa = PBXFileReference; fileEncoding = 4; lastKnownFileType = sourcecode.c.objc; path = "UIScrollView+Draging.m"; sourceTree = "<group>"; };
		342185E01FE3B5C80037A48C /* UITabBar+bageValue.h */ = {isa = PBXFileReference; fileEncoding = 4; lastKnownFileType = sourcecode.c.h; path = "UITabBar+bageValue.h"; sourceTree = "<group>"; };
		342185E11FE3B5C80037A48C /* UITabBar+bageValue.m */ = {isa = PBXFileReference; fileEncoding = 4; lastKnownFileType = sourcecode.c.objc; path = "UITabBar+bageValue.m"; sourceTree = "<group>"; };
		342185E21FE3B5C80037A48C /* UITabBar+BHBadge.h */ = {isa = PBXFileReference; fileEncoding = 4; lastKnownFileType = sourcecode.c.h; path = "UITabBar+BHBadge.h"; sourceTree = "<group>"; };
		342185E31FE3B5C80037A48C /* UITabBar+BHBadge.m */ = {isa = PBXFileReference; fileEncoding = 4; lastKnownFileType = sourcecode.c.objc; path = "UITabBar+BHBadge.m"; sourceTree = "<group>"; };
		342185E41FE3B5C80037A48C /* UITextField+Extension.h */ = {isa = PBXFileReference; fileEncoding = 4; lastKnownFileType = sourcecode.c.h; path = "UITextField+Extension.h"; sourceTree = "<group>"; };
		342185E51FE3B5C80037A48C /* UITextField+Extension.m */ = {isa = PBXFileReference; fileEncoding = 4; lastKnownFileType = sourcecode.c.objc; path = "UITextField+Extension.m"; sourceTree = "<group>"; };
		342185E71FE3B5C80037A48C /* UIView+Animation.h */ = {isa = PBXFileReference; fileEncoding = 4; lastKnownFileType = sourcecode.c.h; path = "UIView+Animation.h"; sourceTree = "<group>"; };
		342185E81FE3B5C80037A48C /* UIView+Animation.m */ = {isa = PBXFileReference; fileEncoding = 4; lastKnownFileType = sourcecode.c.objc; path = "UIView+Animation.m"; sourceTree = "<group>"; };
		342185E91FE3B5C80037A48C /* UIView+BlockGesture.h */ = {isa = PBXFileReference; fileEncoding = 4; lastKnownFileType = sourcecode.c.h; path = "UIView+BlockGesture.h"; sourceTree = "<group>"; };
		342185EA1FE3B5C80037A48C /* UIView+BlockGesture.m */ = {isa = PBXFileReference; fileEncoding = 4; lastKnownFileType = sourcecode.c.objc; path = "UIView+BlockGesture.m"; sourceTree = "<group>"; };
		342185EB1FE3B5C80037A48C /* UIView+Constraints.h */ = {isa = PBXFileReference; fileEncoding = 4; lastKnownFileType = sourcecode.c.h; path = "UIView+Constraints.h"; sourceTree = "<group>"; };
		342185EC1FE3B5C80037A48C /* UIView+Constraints.m */ = {isa = PBXFileReference; fileEncoding = 4; lastKnownFileType = sourcecode.c.objc; path = "UIView+Constraints.m"; sourceTree = "<group>"; };
		342185ED1FE3B5C80037A48C /* UIView+CustomBorder.h */ = {isa = PBXFileReference; fileEncoding = 4; lastKnownFileType = sourcecode.c.h; path = "UIView+CustomBorder.h"; sourceTree = "<group>"; };
		342185EE1FE3B5C80037A48C /* UIView+CustomBorder.m */ = {isa = PBXFileReference; fileEncoding = 4; lastKnownFileType = sourcecode.c.objc; path = "UIView+CustomBorder.m"; sourceTree = "<group>"; };
		342185EF1FE3B5C80037A48C /* UIView+Debug.h */ = {isa = PBXFileReference; fileEncoding = 4; lastKnownFileType = sourcecode.c.h; path = "UIView+Debug.h"; sourceTree = "<group>"; };
		342185F01FE3B5C80037A48C /* UIView+Debug.m */ = {isa = PBXFileReference; fileEncoding = 4; lastKnownFileType = sourcecode.c.objc; path = "UIView+Debug.m"; sourceTree = "<group>"; };
		342185F11FE3B5C80037A48C /* UIView+draggable.h */ = {isa = PBXFileReference; fileEncoding = 4; lastKnownFileType = sourcecode.c.h; path = "UIView+draggable.h"; sourceTree = "<group>"; };
		342185F21FE3B5C80037A48C /* UIView+draggable.m */ = {isa = PBXFileReference; fileEncoding = 4; lastKnownFileType = sourcecode.c.objc; path = "UIView+draggable.m"; sourceTree = "<group>"; };
		342185F31FE3B5C80037A48C /* UIView+FDCollapsibleConstraints.h */ = {isa = PBXFileReference; fileEncoding = 4; lastKnownFileType = sourcecode.c.h; path = "UIView+FDCollapsibleConstraints.h"; sourceTree = "<group>"; };
		342185F41FE3B5C80037A48C /* UIView+FDCollapsibleConstraints.m */ = {isa = PBXFileReference; fileEncoding = 4; lastKnownFileType = sourcecode.c.objc; path = "UIView+FDCollapsibleConstraints.m"; sourceTree = "<group>"; };
		342185F51FE3B5C80037A48C /* UIView+Find.h */ = {isa = PBXFileReference; fileEncoding = 4; lastKnownFileType = sourcecode.c.h; path = "UIView+Find.h"; sourceTree = "<group>"; };
		342185F61FE3B5C80037A48C /* UIView+Find.m */ = {isa = PBXFileReference; fileEncoding = 4; lastKnownFileType = sourcecode.c.objc; path = "UIView+Find.m"; sourceTree = "<group>"; };
		342185F71FE3B5C80037A48C /* UIView+Frame.h */ = {isa = PBXFileReference; fileEncoding = 4; lastKnownFileType = sourcecode.c.h; path = "UIView+Frame.h"; sourceTree = "<group>"; };
		342185F81FE3B5C80037A48C /* UIView+Frame.m */ = {isa = PBXFileReference; fileEncoding = 4; lastKnownFileType = sourcecode.c.objc; path = "UIView+Frame.m"; sourceTree = "<group>"; };
		342185F91FE3B5C80037A48C /* UIView+GestureCallback.h */ = {isa = PBXFileReference; fileEncoding = 4; lastKnownFileType = sourcecode.c.h; path = "UIView+GestureCallback.h"; sourceTree = "<group>"; };
		342185FA1FE3B5C80037A48C /* UIView+GestureCallback.m */ = {isa = PBXFileReference; fileEncoding = 4; lastKnownFileType = sourcecode.c.objc; path = "UIView+GestureCallback.m"; sourceTree = "<group>"; };
		342185FB1FE3B5C80037A48C /* UIView+Nib.h */ = {isa = PBXFileReference; fileEncoding = 4; lastKnownFileType = sourcecode.c.h; path = "UIView+Nib.h"; sourceTree = "<group>"; };
		342185FC1FE3B5C80037A48C /* UIView+Nib.m */ = {isa = PBXFileReference; fileEncoding = 4; lastKnownFileType = sourcecode.c.objc; path = "UIView+Nib.m"; sourceTree = "<group>"; };
		342185FD1FE3B5C80037A48C /* UIView+Recursion.h */ = {isa = PBXFileReference; fileEncoding = 4; lastKnownFileType = sourcecode.c.h; path = "UIView+Recursion.h"; sourceTree = "<group>"; };
		342185FE1FE3B5C80037A48C /* UIView+Recursion.m */ = {isa = PBXFileReference; fileEncoding = 4; lastKnownFileType = sourcecode.c.objc; path = "UIView+Recursion.m"; sourceTree = "<group>"; };
		342185FF1FE3B5C80037A48C /* UIView+Screenshot.h */ = {isa = PBXFileReference; fileEncoding = 4; lastKnownFileType = sourcecode.c.h; path = "UIView+Screenshot.h"; sourceTree = "<group>"; };
		342186001FE3B5C80037A48C /* UIView+Screenshot.m */ = {isa = PBXFileReference; fileEncoding = 4; lastKnownFileType = sourcecode.c.objc; path = "UIView+Screenshot.m"; sourceTree = "<group>"; };
		342186011FE3B5C80037A48C /* UIView+Shake.h */ = {isa = PBXFileReference; fileEncoding = 4; lastKnownFileType = sourcecode.c.h; path = "UIView+Shake.h"; sourceTree = "<group>"; };
		342186021FE3B5C80037A48C /* UIView+Shake.m */ = {isa = PBXFileReference; fileEncoding = 4; lastKnownFileType = sourcecode.c.objc; path = "UIView+Shake.m"; sourceTree = "<group>"; };
		342186031FE3B5C80037A48C /* UIView+Toast.h */ = {isa = PBXFileReference; fileEncoding = 4; lastKnownFileType = sourcecode.c.h; path = "UIView+Toast.h"; sourceTree = "<group>"; };
		342186041FE3B5C80037A48C /* UIView+Toast.m */ = {isa = PBXFileReference; fileEncoding = 4; lastKnownFileType = sourcecode.c.objc; path = "UIView+Toast.m"; sourceTree = "<group>"; };
		342186051FE3B5C80037A48C /* UIView+ViewController.h */ = {isa = PBXFileReference; fileEncoding = 4; lastKnownFileType = sourcecode.c.h; path = "UIView+ViewController.h"; sourceTree = "<group>"; };
		342186061FE3B5C80037A48C /* UIView+ViewController.m */ = {isa = PBXFileReference; fileEncoding = 4; lastKnownFileType = sourcecode.c.objc; path = "UIView+ViewController.m"; sourceTree = "<group>"; };
		342186071FE3B5C80037A48C /* UIView+Visuals.h */ = {isa = PBXFileReference; fileEncoding = 4; lastKnownFileType = sourcecode.c.h; path = "UIView+Visuals.h"; sourceTree = "<group>"; };
		342186081FE3B5C80037A48C /* UIView+Visuals.m */ = {isa = PBXFileReference; fileEncoding = 4; lastKnownFileType = sourcecode.c.objc; path = "UIView+Visuals.m"; sourceTree = "<group>"; };
		342186091FE3B5C80037A48C /* UIView+Extension.h */ = {isa = PBXFileReference; fileEncoding = 4; lastKnownFileType = sourcecode.c.h; path = "UIView+Extension.h"; sourceTree = "<group>"; };
		3421860A1FE3B5C80037A48C /* UIView+Extension.m */ = {isa = PBXFileReference; fileEncoding = 4; lastKnownFileType = sourcecode.c.objc; path = "UIView+Extension.m"; sourceTree = "<group>"; };
		3421860B1FE3B5C80037A48C /* UIViewController+BHExtension.h */ = {isa = PBXFileReference; fileEncoding = 4; lastKnownFileType = sourcecode.c.h; path = "UIViewController+BHExtension.h"; sourceTree = "<group>"; };
		3421860C1FE3B5C80037A48C /* UIViewController+BHExtension.m */ = {isa = PBXFileReference; fileEncoding = 4; lastKnownFileType = sourcecode.c.objc; path = "UIViewController+BHExtension.m"; sourceTree = "<group>"; };
		3421860D1FE3B5C80037A48C /* UIViewController+Extension.h */ = {isa = PBXFileReference; fileEncoding = 4; lastKnownFileType = sourcecode.c.h; path = "UIViewController+Extension.h"; sourceTree = "<group>"; };
		3421860E1FE3B5C80037A48C /* UIViewController+Extension.m */ = {isa = PBXFileReference; fileEncoding = 4; lastKnownFileType = sourcecode.c.objc; path = "UIViewController+Extension.m"; sourceTree = "<group>"; };
		3421860F1FE3B5C80037A48C /* UIViewController+LeftBarButton.h */ = {isa = PBXFileReference; fileEncoding = 4; lastKnownFileType = sourcecode.c.h; path = "UIViewController+LeftBarButton.h"; sourceTree = "<group>"; };
		342186101FE3B5C80037A48C /* UIViewController+LeftBarButton.m */ = {isa = PBXFileReference; fileEncoding = 4; lastKnownFileType = sourcecode.c.objc; path = "UIViewController+LeftBarButton.m"; sourceTree = "<group>"; };
		84B9822701ABB0E2ECA8825B /* Pods-MTShop.release.xcconfig */ = {isa = PBXFileReference; includeInIndex = 1; lastKnownFileType = text.xcconfig; name = "Pods-MTShop.release.xcconfig"; path = "Pods/Target Support Files/Pods-MTShop/Pods-MTShop.release.xcconfig"; sourceTree = "<group>"; };
		BD7CC120350E645078F76770 /* libPods-MTShop.a */ = {isa = PBXFileReference; explicitFileType = archive.ar; includeInIndex = 0; path = "libPods-MTShop.a"; sourceTree = BUILT_PRODUCTS_DIR; };
		D33BFE22354CC11FD39BCDF9 /* Pods-MTShop.debug.xcconfig */ = {isa = PBXFileReference; includeInIndex = 1; lastKnownFileType = text.xcconfig; name = "Pods-MTShop.debug.xcconfig"; path = "Pods/Target Support Files/Pods-MTShop/Pods-MTShop.debug.xcconfig"; sourceTree = "<group>"; };
/* End PBXFileReference section */

/* Begin PBXFrameworksBuildPhase section */
		3421850E1FE375110037A48C /* Frameworks */ = {
			isa = PBXFrameworksBuildPhase;
			buildActionMask = 2147483647;
			files = (
				54940886778126DAF6FA484A /* libPods-MTShop.a in Frameworks */,
			);
			runOnlyForDeploymentPostprocessing = 0;
		};
/* End PBXFrameworksBuildPhase section */

/* Begin PBXGroup section */
		0173EE272D1F13BABDF88116 /* Pods */ = {
			isa = PBXGroup;
			children = (
				D33BFE22354CC11FD39BCDF9 /* Pods-MTShop.debug.xcconfig */,
				84B9822701ABB0E2ECA8825B /* Pods-MTShop.release.xcconfig */,
			);
			name = Pods;
			sourceTree = "<group>";
		};
		342185081FE375110037A48C = {
			isa = PBXGroup;
			children = (
				342185131FE375110037A48C /* MTShop */,
				342185121FE375110037A48C /* Products */,
				0173EE272D1F13BABDF88116 /* Pods */,
				4B1FB5032912255797EA1970 /* Frameworks */,
			);
			sourceTree = "<group>";
		};
		342185121FE375110037A48C /* Products */ = {
			isa = PBXGroup;
			children = (
				342185111FE375110037A48C /* MTShop.app */,
			);
			name = Products;
			sourceTree = "<group>";
		};
		342185131FE375110037A48C /* MTShop */ = {
			isa = PBXGroup;
			children = (
				3421852A1FE37AEE0037A48C /* AppDelegate */,
				3421852E1FE37AF50037A48C /* Classes */,
				342185861FE38F410037A48C /* Tools */,
				3421851D1FE375110037A48C /* Assets.xcassets */,
				342185221FE375110037A48C /* Info.plist */,
				342185231FE375110037A48C /* main.m */,
			);
			path = MTShop;
			sourceTree = "<group>";
		};
		3421852A1FE37AEE0037A48C /* AppDelegate */ = {
			isa = PBXGroup;
			children = (
				3421852B1FE37AEE0037A48C /* AppDelegate.h */,
				3421852C1FE37AEE0037A48C /* AppDelegate.m */,
			);
			path = AppDelegate;
			sourceTree = "<group>";
		};
		3421852E1FE37AF50037A48C /* Classes */ = {
			isa = PBXGroup;
			children = (
				3421858D1FE3B4000037A48C /* Base */,
				342185761FE37F300037A48C /* Main */,
				3421852F1FE37AF50037A48C /* Home */,
				3421853C1FE37D260037A48C /* NearBy */,
				342185441FE37D260037A48C /* Publish */,
				342185401FE37D260037A48C /* Message */,
				342185481FE37D260037A48C /* Mine */,
			);
			path = Classes;
			sourceTree = "<group>";
		};
		3421852F1FE37AF50037A48C /* Home */ = {
			isa = PBXGroup;
			children = (
				342185301FE37AF50037A48C /* Controller */,
				342185311FE37AF50037A48C /* Model */,
				342185321FE37AF50037A48C /* View */,
			);
			path = Home;
			sourceTree = "<group>";
		};
		342185301FE37AF50037A48C /* Controller */ = {
			isa = PBXGroup;
			children = (
				342185331FE37B140037A48C /* MTHomeController.h */,
				342185341FE37B140037A48C /* MTHomeController.m */,
			);
			path = Controller;
			sourceTree = "<group>";
		};
		342185311FE37AF50037A48C /* Model */ = {
			isa = PBXGroup;
			children = (
				342185361FE37B230037A48C /* MTHomeModel.h */,
				342185371FE37B230037A48C /* MTHomeModel.m */,
			);
			path = Model;
			sourceTree = "<group>";
		};
		342185321FE37AF50037A48C /* View */ = {
			isa = PBXGroup;
			children = (
				342185391FE37B2E0037A48C /* MTHomeView.h */,
				3421853A1FE37B2E0037A48C /* MTHomeView.m */,
			);
			path = View;
			sourceTree = "<group>";
		};
		3421853C1FE37D260037A48C /* NearBy */ = {
			isa = PBXGroup;
			children = (
				3421853D1FE37D260037A48C /* Controller */,
				3421853E1FE37D260037A48C /* Model */,
				3421853F1FE37D260037A48C /* View */,
			);
			path = NearBy;
			sourceTree = "<group>";
		};
		3421853D1FE37D260037A48C /* Controller */ = {
			isa = PBXGroup;
			children = (
				3421854F1FE37D7D0037A48C /* MTNearbyController.h */,
				342185501FE37D7D0037A48C /* MTNearbyController.m */,
			);
			path = Controller;
			sourceTree = "<group>";
		};
		3421853E1FE37D260037A48C /* Model */ = {
			isa = PBXGroup;
			children = (
				3421855E1FE37DD40037A48C /* MTNearbyModel.h */,
				3421855F1FE37DD40037A48C /* MTNearbyModel.m */,
			);
			path = Model;
			sourceTree = "<group>";
		};
		3421853F1FE37D260037A48C /* View */ = {
			isa = PBXGroup;
			children = (
				3421856A1FE37E0D0037A48C /* MTNearbyView.h */,
				3421856B1FE37E0D0037A48C /* MTNearbyView.m */,
			);
			path = View;
			sourceTree = "<group>";
		};
		342185401FE37D260037A48C /* Message */ = {
			isa = PBXGroup;
			children = (
				342185411FE37D260037A48C /* Controller */,
				342185421FE37D260037A48C /* Model */,
				342185431FE37D260037A48C /* View */,
			);
			path = Message;
			sourceTree = "<group>";
		};
		342185411FE37D260037A48C /* Controller */ = {
			isa = PBXGroup;
			children = (
				342185581FE37DB50037A48C /* MTMessageController.h */,
				342185591FE37DB50037A48C /* MTMessageController.m */,
			);
			path = Controller;
			sourceTree = "<group>";
		};
		342185421FE37D260037A48C /* Model */ = {
			isa = PBXGroup;
			children = (
				342185641FE37DEB0037A48C /* MTMessageModel.h */,
				342185651FE37DEB0037A48C /* MTMessageModel.m */,
			);
			path = Model;
			sourceTree = "<group>";
		};
		342185431FE37D260037A48C /* View */ = {
			isa = PBXGroup;
			children = (
				342185701FE37E2C0037A48C /* MTMessageView.h */,
				342185711FE37E2C0037A48C /* MTMessageView.m */,
			);
			path = View;
			sourceTree = "<group>";
		};
		342185441FE37D260037A48C /* Publish */ = {
			isa = PBXGroup;
			children = (
				342185451FE37D260037A48C /* Controller */,
				342185461FE37D260037A48C /* Model */,
				342185471FE37D260037A48C /* View */,
			);
			path = Publish;
			sourceTree = "<group>";
		};
		342185451FE37D260037A48C /* Controller */ = {
			isa = PBXGroup;
			children = (
				342185551FE37DAA0037A48C /* MTPublishController.h */,
				342185561FE37DAA0037A48C /* MTPublishController.m */,
			);
			path = Controller;
			sourceTree = "<group>";
		};
		342185461FE37D260037A48C /* Model */ = {
			isa = PBXGroup;
			children = (
				342185611FE37DE10037A48C /* MTPublishModel.h */,
				342185621FE37DE10037A48C /* MTPublishModel.m */,
			);
			path = Model;
			sourceTree = "<group>";
		};
		342185471FE37D260037A48C /* View */ = {
			isa = PBXGroup;
			children = (
				3421856D1FE37E230037A48C /* MTPubilshView.h */,
				3421856E1FE37E230037A48C /* MTPubilshView.m */,
			);
			path = View;
			sourceTree = "<group>";
		};
		342185481FE37D260037A48C /* Mine */ = {
			isa = PBXGroup;
			children = (
				342185491FE37D260037A48C /* Controller */,
				3421854A1FE37D260037A48C /* Model */,
				3421854B1FE37D260037A48C /* View */,
			);
			path = Mine;
			sourceTree = "<group>";
		};
		342185491FE37D260037A48C /* Controller */ = {
			isa = PBXGroup;
			children = (
				3421855B1FE37DC70037A48C /* MTMineController.h */,
				3421855C1FE37DC70037A48C /* MTMineController.m */,
			);
			path = Controller;
			sourceTree = "<group>";
		};
		3421854A1FE37D260037A48C /* Model */ = {
			isa = PBXGroup;
			children = (
				342185671FE37DF90037A48C /* MTMineModel.h */,
				342185681FE37DF90037A48C /* MTMineModel.m */,
			);
			path = Model;
			sourceTree = "<group>";
		};
		3421854B1FE37D260037A48C /* View */ = {
			isa = PBXGroup;
			children = (
				342185731FE37E3C0037A48C /* MTMineView.h */,
				342185741FE37E3C0037A48C /* MTMineView.m */,
			);
			path = View;
			sourceTree = "<group>";
		};
		342185761FE37F300037A48C /* Main */ = {
			isa = PBXGroup;
			children = (
				342185771FE37F300037A48C /* Controller */,
				342185781FE37F300037A48C /* Model */,
				342185791FE37F300037A48C /* View */,
			);
			path = Main;
			sourceTree = "<group>";
		};
		342185771FE37F300037A48C /* Controller */ = {
			isa = PBXGroup;
			children = (
				3421857A1FE37F490037A48C /* MTTabBarController.h */,
				3421857B1FE37F490037A48C /* MTTabBarController.m */,
				3421857D1FE37F670037A48C /* MTNavigationController.h */,
				3421857E1FE37F670037A48C /* MTNavigationController.m */,
			);
			path = Controller;
			sourceTree = "<group>";
		};
		342185781FE37F300037A48C /* Model */ = {
			isa = PBXGroup;
			children = (
				342185831FE37F950037A48C /* MTUser.h */,
				342185841FE37F950037A48C /* MTUser.m */,
			);
			path = Model;
			sourceTree = "<group>";
		};
		342185791FE37F300037A48C /* View */ = {
			isa = PBXGroup;
			children = (
				342185801FE37F830037A48C /* MTTabBar.h */,
				342185811FE37F830037A48C /* MTTabBar.m */,
			);
			path = View;
			sourceTree = "<group>";
		};
		342185861FE38F410037A48C /* Tools */ = {
			isa = PBXGroup;
			children = (
				3421859E1FE3B5C80037A48C /* Category */,
				342185871FE392410037A48C /* Config */,
			);
			path = Tools;
			sourceTree = "<group>";
		};
		342185871FE392410037A48C /* Config */ = {
			isa = PBXGroup;
			children = (
				342185891FE392980037A48C /* MTShop.pch */,
				3421858A1FE392E00037A48C /* MTShopAPI.h */,
				3421858B1FE392F20037A48C /* MTShopDefine.h */,
				3421858C1FE3934C0037A48C /* MTShopMacro.h */,
			);
			path = Config;
			sourceTree = "<group>";
		};
		3421858D1FE3B4000037A48C /* Base */ = {
			isa = PBXGroup;
			children = (
				3421858E1FE3B4000037A48C /* Controller */,
				3421858F1FE3B4000037A48C /* Model */,
				342185901FE3B4000037A48C /* View */,
			);
			path = Base;
			sourceTree = "<group>";
		};
		3421858E1FE3B4000037A48C /* Controller */ = {
			isa = PBXGroup;
			children = (
				342185911FE3B41C0037A48C /* MTBaseController.h */,
				342185921FE3B41C0037A48C /* MTBaseController.m */,
			);
			path = Controller;
			sourceTree = "<group>";
		};
		3421858F1FE3B4000037A48C /* Model */ = {
			isa = PBXGroup;
			children = (
				342185941FE3B42C0037A48C /* MTBaseModel.h */,
				342185951FE3B42C0037A48C /* MTBaseModel.m */,
			);
			path = Model;
			sourceTree = "<group>";
		};
		342185901FE3B4000037A48C /* View */ = {
			isa = PBXGroup;
			children = (
				342185971FE3B4370037A48C /* MTBaseView.h */,
				342185981FE3B4370037A48C /* MTBaseView.m */,
				3421859A1FE3B5150037A48C /* MTBaseTableViewCell.h */,
				3421859B1FE3B5150037A48C /* MTBaseTableViewCell.m */,
			);
			path = View;
			sourceTree = "<group>";
		};
		3421859E1FE3B5C80037A48C /* Category */ = {
			isa = PBXGroup;
			children = (
				3421859F1FE3B5C80037A48C /* NSDate+XMGExtension.h */,
				342185A01FE3B5C80037A48C /* NSDate+XMGExtension.m */,
				342185A11FE3B5C80037A48C /* NSDictionary+BHExtension.h */,
				342185A21FE3B5C80037A48C /* NSDictionary+BHExtension.m */,
				342185A31FE3B5C80037A48C /* NSFileManager+LHExtension.h */,
				342185A41FE3B5C80037A48C /* NSFileManager+LHExtension.m */,
				342185A51FE3B5C80037A48C /* NSString+Extension.h */,
				342185A61FE3B5C80037A48C /* NSString+Extension.m */,
				342185A71FE3B5C80037A48C /* SYImageBrower.h */,
				342185A81FE3B5C80037A48C /* SYImageBrower.m */,
				342185A91FE3B5C80037A48C /* UIBarButtonItem+MJ.h */,
				342185AA1FE3B5C80037A48C /* UIBarButtonItem+MJ.m */,
				342185AB1FE3B5C80037A48C /* UIButton+Extension.h */,
				342185AC1FE3B5C80037A48C /* UIButton+Extension.m */,
				342185AD1FE3B5C80037A48C /* UIColor+Extension.h */,
				342185AE1FE3B5C80037A48C /* UIColor+Extension.m */,
				342185AF1FE3B5C80037A48C /* UIColor+LHExtension.h */,
				342185B01FE3B5C80037A48C /* UIColor+LHExtension.m */,
				342185B11FE3B5C80037A48C /* UIGestureRecognizer+Tag.h */,
				342185B21FE3B5C80037A48C /* UIGestureRecognizer+Tag.m */,
				342185B31FE3B5C80037A48C /* UIImage */,
				342185D41FE3B5C80037A48C /* UIImage+BHImageColor.h */,
				342185D51FE3B5C80037A48C /* UIImage+BHImageColor.m */,
				342185D61FE3B5C80037A48C /* UIImage+extend.h */,
				342185D71FE3B5C80037A48C /* UIImage+extend.m */,
				342185D81FE3B5C80037A48C /* UIImage+MJ.h */,
				342185D91FE3B5C80037A48C /* UIImage+MJ.m */,
				342185DA1FE3B5C80037A48C /* UIKitExtend.h */,
				342185DB1FE3B5C80037A48C /* UIKitExtend.m */,
				342185DC1FE3B5C80037A48C /* UILabel+Extension.h */,
				342185DD1FE3B5C80037A48C /* UILabel+Extension.m */,
				342185DE1FE3B5C80037A48C /* UIScrollView+Draging.h */,
				342185DF1FE3B5C80037A48C /* UIScrollView+Draging.m */,
				342185E01FE3B5C80037A48C /* UITabBar+bageValue.h */,
				342185E11FE3B5C80037A48C /* UITabBar+bageValue.m */,
				342185E21FE3B5C80037A48C /* UITabBar+BHBadge.h */,
				342185E31FE3B5C80037A48C /* UITabBar+BHBadge.m */,
				342185E41FE3B5C80037A48C /* UITextField+Extension.h */,
				342185E51FE3B5C80037A48C /* UITextField+Extension.m */,
				342185E61FE3B5C80037A48C /* UIView */,
				342186091FE3B5C80037A48C /* UIView+Extension.h */,
				3421860A1FE3B5C80037A48C /* UIView+Extension.m */,
				3421860B1FE3B5C80037A48C /* UIViewController+BHExtension.h */,
				3421860C1FE3B5C80037A48C /* UIViewController+BHExtension.m */,
				3421860D1FE3B5C80037A48C /* UIViewController+Extension.h */,
				3421860E1FE3B5C80037A48C /* UIViewController+Extension.m */,
				3421860F1FE3B5C80037A48C /* UIViewController+LeftBarButton.h */,
				342186101FE3B5C80037A48C /* UIViewController+LeftBarButton.m */,
			);
			path = Category;
			sourceTree = "<group>";
		};
		342185B31FE3B5C80037A48C /* UIImage */ = {
			isa = PBXGroup;
			children = (
				342185B41FE3B5C80037A48C /* UIImage+Alpha.h */,
				342185B51FE3B5C80037A48C /* UIImage+Alpha.m */,
				342185B61FE3B5C80037A48C /* UIImage+animatedGIF.h */,
				342185B71FE3B5C80037A48C /* UIImage+animatedGIF.m */,
				342185B81FE3B5C80037A48C /* UIImage+BetterFace.h */,
				342185B91FE3B5C80037A48C /* UIImage+BetterFace.m */,
				342185BA1FE3B5C80037A48C /* UIImage+Blur.h */,
				342185BB1FE3B5C80037A48C /* UIImage+Blur.m */,
				342185BC1FE3B5C80037A48C /* UIImage+Capture.h */,
				342185BD1FE3B5C80037A48C /* UIImage+Capture.m */,
				342185BE1FE3B5C80037A48C /* UIImage+Color.h */,
				342185BF1FE3B5C80037A48C /* UIImage+Color.m */,
				342185C01FE3B5C80037A48C /* UIImage+FileName.h */,
				342185C11FE3B5C80037A48C /* UIImage+FileName.m */,
				342185C21FE3B5C80037A48C /* UIImage+FX.h */,
				342185C31FE3B5C80037A48C /* UIImage+FX.m */,
				342185C41FE3B5C80037A48C /* UIImage+GIF.h */,
				342185C51FE3B5C80037A48C /* UIImage+GIF.m */,
				342185C61FE3B5C80037A48C /* UIImage+Merge.h */,
				342185C71FE3B5C80037A48C /* UIImage+Merge.m */,
				342185C81FE3B5C80037A48C /* UIImage+Orientation.h */,
				342185C91FE3B5C80037A48C /* UIImage+Orientation.m */,
				342185CA1FE3B5C80037A48C /* UIImage+PDF.h */,
				342185CB1FE3B5C80037A48C /* UIImage+PDF.m */,
				342185CC1FE3B5C80037A48C /* UIImage+RemoteSize.h */,
				342185CD1FE3B5C80037A48C /* UIImage+RemoteSize.m */,
				342185CE1FE3B5C80037A48C /* UIImage+Resize.h */,
				342185CF1FE3B5C80037A48C /* UIImage+Resize.m */,
				342185D01FE3B5C80037A48C /* UIImage+RoundedCorner.h */,
				342185D11FE3B5C80037A48C /* UIImage+RoundedCorner.m */,
				342185D21FE3B5C80037A48C /* UIImage+Vector.h */,
				342185D31FE3B5C80037A48C /* UIImage+Vector.m */,
			);
			path = UIImage;
			sourceTree = "<group>";
		};
		342185E61FE3B5C80037A48C /* UIView */ = {
			isa = PBXGroup;
			children = (
				342185E71FE3B5C80037A48C /* UIView+Animation.h */,
				342185E81FE3B5C80037A48C /* UIView+Animation.m */,
				342185E91FE3B5C80037A48C /* UIView+BlockGesture.h */,
				342185EA1FE3B5C80037A48C /* UIView+BlockGesture.m */,
				342185EB1FE3B5C80037A48C /* UIView+Constraints.h */,
				342185EC1FE3B5C80037A48C /* UIView+Constraints.m */,
				342185ED1FE3B5C80037A48C /* UIView+CustomBorder.h */,
				342185EE1FE3B5C80037A48C /* UIView+CustomBorder.m */,
				342185EF1FE3B5C80037A48C /* UIView+Debug.h */,
				342185F01FE3B5C80037A48C /* UIView+Debug.m */,
				342185F11FE3B5C80037A48C /* UIView+draggable.h */,
				342185F21FE3B5C80037A48C /* UIView+draggable.m */,
				342185F31FE3B5C80037A48C /* UIView+FDCollapsibleConstraints.h */,
				342185F41FE3B5C80037A48C /* UIView+FDCollapsibleConstraints.m */,
				342185F51FE3B5C80037A48C /* UIView+Find.h */,
				342185F61FE3B5C80037A48C /* UIView+Find.m */,
				342185F71FE3B5C80037A48C /* UIView+Frame.h */,
				342185F81FE3B5C80037A48C /* UIView+Frame.m */,
				342185F91FE3B5C80037A48C /* UIView+GestureCallback.h */,
				342185FA1FE3B5C80037A48C /* UIView+GestureCallback.m */,
				342185FB1FE3B5C80037A48C /* UIView+Nib.h */,
				342185FC1FE3B5C80037A48C /* UIView+Nib.m */,
				342185FD1FE3B5C80037A48C /* UIView+Recursion.h */,
				342185FE1FE3B5C80037A48C /* UIView+Recursion.m */,
				342185FF1FE3B5C80037A48C /* UIView+Screenshot.h */,
				342186001FE3B5C80037A48C /* UIView+Screenshot.m */,
				342186011FE3B5C80037A48C /* UIView+Shake.h */,
				342186021FE3B5C80037A48C /* UIView+Shake.m */,
				342186031FE3B5C80037A48C /* UIView+Toast.h */,
				342186041FE3B5C80037A48C /* UIView+Toast.m */,
				342186051FE3B5C80037A48C /* UIView+ViewController.h */,
				342186061FE3B5C80037A48C /* UIView+ViewController.m */,
				342186071FE3B5C80037A48C /* UIView+Visuals.h */,
				342186081FE3B5C80037A48C /* UIView+Visuals.m */,
			);
			path = UIView;
			sourceTree = "<group>";
		};
		4B1FB5032912255797EA1970 /* Frameworks */ = {
			isa = PBXGroup;
			children = (
				BD7CC120350E645078F76770 /* libPods-MTShop.a */,
			);
			name = Frameworks;
			sourceTree = "<group>";
		};
/* End PBXGroup section */

/* Begin PBXNativeTarget section */
		342185101FE375110037A48C /* MTShop */ = {
			isa = PBXNativeTarget;
			buildConfigurationList = 342185271FE375110037A48C /* Build configuration list for PBXNativeTarget "MTShop" */;
			buildPhases = (
				CEC5E07C5CC5BABC7579449D /* [CP] Check Pods Manifest.lock */,
				3421850D1FE375110037A48C /* Sources */,
				3421850E1FE375110037A48C /* Frameworks */,
				3421850F1FE375110037A48C /* Resources */,
				36C8C6BDDC5DC9781CA99A17 /* [CP] Embed Pods Frameworks */,
				DDDF3206CFBC4F9B9FAE24B5 /* [CP] Copy Pods Resources */,
			);
			buildRules = (
			);
			dependencies = (
			);
			name = MTShop;
			productName = MTShop;
			productReference = 342185111FE375110037A48C /* MTShop.app */;
			productType = "com.apple.product-type.application";
		};
/* End PBXNativeTarget section */

/* Begin PBXProject section */
		342185091FE375110037A48C /* Project object */ = {
			isa = PBXProject;
			attributes = {
				LastUpgradeCheck = 0920;
				ORGANIZATIONNAME = MT;
				TargetAttributes = {
					342185101FE375110037A48C = {
						CreatedOnToolsVersion = 9.2;
						ProvisioningStyle = Automatic;
					};
				};
			};
			buildConfigurationList = 3421850C1FE375110037A48C /* Build configuration list for PBXProject "MTShop" */;
			compatibilityVersion = "Xcode 8.0";
			developmentRegion = en;
			hasScannedForEncodings = 0;
			knownRegions = (
				en,
				Base,
			);
			mainGroup = 342185081FE375110037A48C;
			productRefGroup = 342185121FE375110037A48C /* Products */;
			projectDirPath = "";
			projectRoot = "";
			targets = (
				342185101FE375110037A48C /* MTShop */,
			);
		};
/* End PBXProject section */

/* Begin PBXResourcesBuildPhase section */
		3421850F1FE375110037A48C /* Resources */ = {
			isa = PBXResourcesBuildPhase;
			buildActionMask = 2147483647;
			files = (
				3421851E1FE375110037A48C /* Assets.xcassets in Resources */,
			);
			runOnlyForDeploymentPostprocessing = 0;
		};
/* End PBXResourcesBuildPhase section */

/* Begin PBXShellScriptBuildPhase section */
		36C8C6BDDC5DC9781CA99A17 /* [CP] Embed Pods Frameworks */ = {
			isa = PBXShellScriptBuildPhase;
			buildActionMask = 2147483647;
			files = (
			);
			inputPaths = (
			);
			name = "[CP] Embed Pods Frameworks";
			outputPaths = (
			);
			runOnlyForDeploymentPostprocessing = 0;
			shellPath = /bin/sh;
			shellScript = "\"${SRCROOT}/Pods/Target Support Files/Pods-MTShop/Pods-MTShop-frameworks.sh\"\n";
			showEnvVarsInLog = 0;
		};
		CEC5E07C5CC5BABC7579449D /* [CP] Check Pods Manifest.lock */ = {
			isa = PBXShellScriptBuildPhase;
			buildActionMask = 2147483647;
			files = (
			);
			inputPaths = (
				"${PODS_PODFILE_DIR_PATH}/Podfile.lock",
				"${PODS_ROOT}/Manifest.lock",
			);
			name = "[CP] Check Pods Manifest.lock";
			outputPaths = (
				"$(DERIVED_FILE_DIR)/Pods-MTShop-checkManifestLockResult.txt",
			);
			runOnlyForDeploymentPostprocessing = 0;
			shellPath = /bin/sh;
			shellScript = "diff \"${PODS_PODFILE_DIR_PATH}/Podfile.lock\" \"${PODS_ROOT}/Manifest.lock\" > /dev/null\nif [ $? != 0 ] ; then\n    # print error to STDERR\n    echo \"error: The sandbox is not in sync with the Podfile.lock. Run 'pod install' or update your CocoaPods installation.\" >&2\n    exit 1\nfi\n# This output is used by Xcode 'outputs' to avoid re-running this script phase.\necho \"SUCCESS\" > \"${SCRIPT_OUTPUT_FILE_0}\"\n";
			showEnvVarsInLog = 0;
		};
		DDDF3206CFBC4F9B9FAE24B5 /* [CP] Copy Pods Resources */ = {
			isa = PBXShellScriptBuildPhase;
			buildActionMask = 2147483647;
			files = (
			);
			inputPaths = (
				"${SRCROOT}/Pods/Target Support Files/Pods-MTShop/Pods-MTShop-resources.sh",
				"${PODS_ROOT}/IQKeyboardManager/IQKeyboardManager/Resources/IQKeyboardManager.bundle",
				"${PODS_ROOT}/MJRefresh/MJRefresh/MJRefresh.bundle",
				"${PODS_ROOT}/SVProgressHUD/SVProgressHUD/SVProgressHUD.bundle",
			);
			name = "[CP] Copy Pods Resources";
			outputPaths = (
				"${TARGET_BUILD_DIR}/${UNLOCALIZED_RESOURCES_FOLDER_PATH}",
			);
			runOnlyForDeploymentPostprocessing = 0;
			shellPath = /bin/sh;
			shellScript = "\"${SRCROOT}/Pods/Target Support Files/Pods-MTShop/Pods-MTShop-resources.sh\"\n";
			showEnvVarsInLog = 0;
		};
/* End PBXShellScriptBuildPhase section */

/* Begin PBXSourcesBuildPhase section */
		3421850D1FE375110037A48C /* Sources */ = {
			isa = PBXSourcesBuildPhase;
			buildActionMask = 2147483647;
			files = (
				3421853B1FE37B2E0037A48C /* MTHomeView.m in Sources */,
				3421862B1FE3B5C80037A48C /* UIImage+BHImageColor.m in Sources */,
				342185631FE37DE10037A48C /* MTPublishModel.m in Sources */,
				342186421FE3B5C80037A48C /* UIView+Toast.m in Sources */,
				342186301FE3B5C80037A48C /* UIScrollView+Draging.m in Sources */,
				342186271FE3B5C80037A48C /* UIImage+RemoteSize.m in Sources */,
				342185751FE37E3C0037A48C /* MTMineView.m in Sources */,
				342186391FE3B5C80037A48C /* UIView+draggable.m in Sources */,
				3421861E1FE3B5C80037A48C /* UIImage+Blur.m in Sources */,
				3421861F1FE3B5C80037A48C /* UIImage+Capture.m in Sources */,
				342185661FE37DEB0037A48C /* MTMessageModel.m in Sources */,
				342186181FE3B5C80037A48C /* UIColor+Extension.m in Sources */,
				3421863F1FE3B5C80037A48C /* UIView+Recursion.m in Sources */,
				342186241FE3B5C80037A48C /* UIImage+Merge.m in Sources */,
				342185961FE3B42C0037A48C /* MTBaseModel.m in Sources */,
				342185691FE37DF90037A48C /* MTMineModel.m in Sources */,
				3421861C1FE3B5C80037A48C /* UIImage+animatedGIF.m in Sources */,
				342185991FE3B4370037A48C /* MTBaseView.m in Sources */,
				342186251FE3B5C80037A48C /* UIImage+Orientation.m in Sources */,
				3421863B1FE3B5C80037A48C /* UIView+Find.m in Sources */,
				3421862C1FE3B5C80037A48C /* UIImage+extend.m in Sources */,
				342186431FE3B5C80037A48C /* UIView+ViewController.m in Sources */,
				342186331FE3B5C80037A48C /* UITextField+Extension.m in Sources */,
				3421852D1FE37AEE0037A48C /* AppDelegate.m in Sources */,
				342186481FE3B5C80037A48C /* UIViewController+LeftBarButton.m in Sources */,
				342186211FE3B5C80037A48C /* UIImage+FileName.m in Sources */,
				3421855A1FE37DB50037A48C /* MTMessageController.m in Sources */,
				3421863A1FE3B5C80037A48C /* UIView+FDCollapsibleConstraints.m in Sources */,
				3421863C1FE3B5C80037A48C /* UIView+Frame.m in Sources */,
				342186471FE3B5C80037A48C /* UIViewController+Extension.m in Sources */,
				342185931FE3B41C0037A48C /* MTBaseController.m in Sources */,
				342186351FE3B5C80037A48C /* UIView+BlockGesture.m in Sources */,
				342186141FE3B5C80037A48C /* NSString+Extension.m in Sources */,
				3421862A1FE3B5C80037A48C /* UIImage+Vector.m in Sources */,
				3421862E1FE3B5C80037A48C /* UIKitExtend.m in Sources */,
				3421856C1FE37E0D0037A48C /* MTNearbyView.m in Sources */,
				342186201FE3B5C80037A48C /* UIImage+Color.m in Sources */,
				342186411FE3B5C80037A48C /* UIView+Shake.m in Sources */,
				342186341FE3B5C80037A48C /* UIView+Animation.m in Sources */,
				3421863E1FE3B5C80037A48C /* UIView+Nib.m in Sources */,
				3421861D1FE3B5C80037A48C /* UIImage+BetterFace.m in Sources */,
				3421857F1FE37F670037A48C /* MTNavigationController.m in Sources */,
				3421857C1FE37F490037A48C /* MTTabBarController.m in Sources */,
				342186161FE3B5C80037A48C /* UIBarButtonItem+MJ.m in Sources */,
				3421863D1FE3B5C80037A48C /* UIView+GestureCallback.m in Sources */,
				342186231FE3B5C80037A48C /* UIImage+GIF.m in Sources */,
				3421856F1FE37E230037A48C /* MTPubilshView.m in Sources */,
				342185241FE375110037A48C /* main.m in Sources */,
				342186171FE3B5C80037A48C /* UIButton+Extension.m in Sources */,
				342185351FE37B140037A48C /* MTHomeController.m in Sources */,
				342186381FE3B5C80037A48C /* UIView+Debug.m in Sources */,
				3421861B1FE3B5C80037A48C /* UIImage+Alpha.m in Sources */,
				342186221FE3B5C80037A48C /* UIImage+FX.m in Sources */,
				342186121FE3B5C80037A48C /* NSDictionary+BHExtension.m in Sources */,
				342186401FE3B5C80037A48C /* UIView+Screenshot.m in Sources */,
				342186151FE3B5C80037A48C /* SYImageBrower.m in Sources */,
				342186451FE3B5C80037A48C /* UIView+Extension.m in Sources */,
				342186361FE3B5C80037A48C /* UIView+Constraints.m in Sources */,
				342185851FE37F950037A48C /* MTUser.m in Sources */,
				342186131FE3B5C80037A48C /* NSFileManager+LHExtension.m in Sources */,
				342186441FE3B5C80037A48C /* UIView+Visuals.m in Sources */,
				342186371FE3B5C80037A48C /* UIView+CustomBorder.m in Sources */,
				342186291FE3B5C80037A48C /* UIImage+RoundedCorner.m in Sources */,
				3421862D1FE3B5C80037A48C /* UIImage+MJ.m in Sources */,
				342185601FE37DD40037A48C /* MTNearbyModel.m in Sources */,
				342186191FE3B5C80037A48C /* UIColor+LHExtension.m in Sources */,
				3421862F1FE3B5C80037A48C /* UILabel+Extension.m in Sources */,
				3421861A1FE3B5C80037A48C /* UIGestureRecognizer+Tag.m in Sources */,
				342185821FE37F830037A48C /* MTTabBar.m in Sources */,
				342185721FE37E2C0037A48C /* MTMessageView.m in Sources */,
				342186281FE3B5C80037A48C /* UIImage+Resize.m in Sources */,
				3421859C1FE3B5150037A48C /* MTBaseTableViewCell.m in Sources */,
				3421855D1FE37DC70037A48C /* MTMineController.m in Sources */,
				342186461FE3B5C80037A48C /* UIViewController+BHExtension.m in Sources */,
				342186261FE3B5C80037A48C /* UIImage+PDF.m in Sources */,
				342186321FE3B5C80037A48C /* UITabBar+BHBadge.m in Sources */,
				342185381FE37B230037A48C /* MTHomeModel.m in Sources */,
				342186311FE3B5C80037A48C /* UITabBar+bageValue.m in Sources */,
				342185571FE37DAA0037A48C /* MTPublishController.m in Sources */,
				342185511FE37D7D0037A48C /* MTNearbyController.m in Sources */,
				342186111FE3B5C80037A48C /* NSDate+XMGExtension.m in Sources */,
			);
			runOnlyForDeploymentPostprocessing = 0;
		};
/* End PBXSourcesBuildPhase section */

/* Begin XCBuildConfiguration section */
		342185251FE375110037A48C /* Debug */ = {
			isa = XCBuildConfiguration;
			buildSettings = {
				ALWAYS_SEARCH_USER_PATHS = NO;
				CLANG_ANALYZER_NONNULL = YES;
				CLANG_ANALYZER_NUMBER_OBJECT_CONVERSION = YES_AGGRESSIVE;
				CLANG_CXX_LANGUAGE_STANDARD = "gnu++14";
				CLANG_CXX_LIBRARY = "libc++";
				CLANG_ENABLE_MODULES = YES;
				CLANG_ENABLE_OBJC_ARC = YES;
				CLANG_WARN_BLOCK_CAPTURE_AUTORELEASING = YES;
				CLANG_WARN_BOOL_CONVERSION = YES;
				CLANG_WARN_COMMA = YES;
				CLANG_WARN_CONSTANT_CONVERSION = YES;
				CLANG_WARN_DIRECT_OBJC_ISA_USAGE = YES_ERROR;
				CLANG_WARN_DOCUMENTATION_COMMENTS = YES;
				CLANG_WARN_EMPTY_BODY = YES;
				CLANG_WARN_ENUM_CONVERSION = YES;
				CLANG_WARN_INFINITE_RECURSION = YES;
				CLANG_WARN_INT_CONVERSION = YES;
				CLANG_WARN_NON_LITERAL_NULL_CONVERSION = YES;
				CLANG_WARN_OBJC_LITERAL_CONVERSION = YES;
				CLANG_WARN_OBJC_ROOT_CLASS = YES_ERROR;
				CLANG_WARN_RANGE_LOOP_ANALYSIS = YES;
				CLANG_WARN_STRICT_PROTOTYPES = YES;
				CLANG_WARN_SUSPICIOUS_MOVE = YES;
				CLANG_WARN_UNGUARDED_AVAILABILITY = YES_AGGRESSIVE;
				CLANG_WARN_UNREACHABLE_CODE = YES;
				CLANG_WARN__DUPLICATE_METHOD_MATCH = YES;
				CODE_SIGN_IDENTITY = "iPhone Developer";
				COPY_PHASE_STRIP = NO;
				DEBUG_INFORMATION_FORMAT = dwarf;
				ENABLE_STRICT_OBJC_MSGSEND = YES;
				ENABLE_TESTABILITY = YES;
				GCC_C_LANGUAGE_STANDARD = gnu11;
				GCC_DYNAMIC_NO_PIC = NO;
				GCC_NO_COMMON_BLOCKS = YES;
				GCC_OPTIMIZATION_LEVEL = 0;
				GCC_PREPROCESSOR_DEFINITIONS = (
					"DEBUG=1",
					"$(inherited)",
				);
				GCC_WARN_64_TO_32_BIT_CONVERSION = YES;
				GCC_WARN_ABOUT_RETURN_TYPE = YES_ERROR;
				GCC_WARN_UNDECLARED_SELECTOR = YES;
				GCC_WARN_UNINITIALIZED_AUTOS = YES_AGGRESSIVE;
				GCC_WARN_UNUSED_FUNCTION = YES;
				GCC_WARN_UNUSED_VARIABLE = YES;
				IPHONEOS_DEPLOYMENT_TARGET = 11.2;
				MTL_ENABLE_DEBUG_INFO = YES;
				ONLY_ACTIVE_ARCH = YES;
				SDKROOT = iphoneos;
			};
			name = Debug;
		};
		342185261FE375110037A48C /* Release */ = {
			isa = XCBuildConfiguration;
			buildSettings = {
				ALWAYS_SEARCH_USER_PATHS = NO;
				CLANG_ANALYZER_NONNULL = YES;
				CLANG_ANALYZER_NUMBER_OBJECT_CONVERSION = YES_AGGRESSIVE;
				CLANG_CXX_LANGUAGE_STANDARD = "gnu++14";
				CLANG_CXX_LIBRARY = "libc++";
				CLANG_ENABLE_MODULES = YES;
				CLANG_ENABLE_OBJC_ARC = YES;
				CLANG_WARN_BLOCK_CAPTURE_AUTORELEASING = YES;
				CLANG_WARN_BOOL_CONVERSION = YES;
				CLANG_WARN_COMMA = YES;
				CLANG_WARN_CONSTANT_CONVERSION = YES;
				CLANG_WARN_DIRECT_OBJC_ISA_USAGE = YES_ERROR;
				CLANG_WARN_DOCUMENTATION_COMMENTS = YES;
				CLANG_WARN_EMPTY_BODY = YES;
				CLANG_WARN_ENUM_CONVERSION = YES;
				CLANG_WARN_INFINITE_RECURSION = YES;
				CLANG_WARN_INT_CONVERSION = YES;
				CLANG_WARN_NON_LITERAL_NULL_CONVERSION = YES;
				CLANG_WARN_OBJC_LITERAL_CONVERSION = YES;
				CLANG_WARN_OBJC_ROOT_CLASS = YES_ERROR;
				CLANG_WARN_RANGE_LOOP_ANALYSIS = YES;
				CLANG_WARN_STRICT_PROTOTYPES = YES;
				CLANG_WARN_SUSPICIOUS_MOVE = YES;
				CLANG_WARN_UNGUARDED_AVAILABILITY = YES_AGGRESSIVE;
				CLANG_WARN_UNREACHABLE_CODE = YES;
				CLANG_WARN__DUPLICATE_METHOD_MATCH = YES;
				CODE_SIGN_IDENTITY = "iPhone Developer";
				COPY_PHASE_STRIP = NO;
				DEBUG_INFORMATION_FORMAT = "dwarf-with-dsym";
				ENABLE_NS_ASSERTIONS = NO;
				ENABLE_STRICT_OBJC_MSGSEND = YES;
				GCC_C_LANGUAGE_STANDARD = gnu11;
				GCC_NO_COMMON_BLOCKS = YES;
				GCC_WARN_64_TO_32_BIT_CONVERSION = YES;
				GCC_WARN_ABOUT_RETURN_TYPE = YES_ERROR;
				GCC_WARN_UNDECLARED_SELECTOR = YES;
				GCC_WARN_UNINITIALIZED_AUTOS = YES_AGGRESSIVE;
				GCC_WARN_UNUSED_FUNCTION = YES;
				GCC_WARN_UNUSED_VARIABLE = YES;
				IPHONEOS_DEPLOYMENT_TARGET = 11.2;
				MTL_ENABLE_DEBUG_INFO = NO;
				SDKROOT = iphoneos;
				VALIDATE_PRODUCT = YES;
			};
			name = Release;
		};
		342185281FE375110037A48C /* Debug */ = {
			isa = XCBuildConfiguration;
			baseConfigurationReference = D33BFE22354CC11FD39BCDF9 /* Pods-MTShop.debug.xcconfig */;
			buildSettings = {
				ASSETCATALOG_COMPILER_APPICON_NAME = AppIcon;
				CODE_SIGN_STYLE = Automatic;
				DEVELOPMENT_TEAM = 9CQ24Z5PJ5;
				GCC_PREFIX_HEADER = /Users/dqshop/Desktop/MTShop/MTShop/Tools/Config/MTShop.pch;
				INFOPLIST_FILE = MTShop/Info.plist;
				IPHONEOS_DEPLOYMENT_TARGET = 8.0;
				LD_RUNPATH_SEARCH_PATHS = "$(inherited) @executable_path/Frameworks";
				PRODUCT_BUNDLE_IDENTIFIER = MT.MTShop;
				PRODUCT_NAME = "$(TARGET_NAME)";
				TARGETED_DEVICE_FAMILY = "1,2";
				USER_HEADER_SEARCH_PATHS = "${SRCROOT}/**";
			};
			name = Debug;
		};
		342185291FE375110037A48C /* Release */ = {
			isa = XCBuildConfiguration;
			baseConfigurationReference = 84B9822701ABB0E2ECA8825B /* Pods-MTShop.release.xcconfig */;
			buildSettings = {
				ASSETCATALOG_COMPILER_APPICON_NAME = AppIcon;
				CODE_SIGN_STYLE = Automatic;
				DEVELOPMENT_TEAM = 9CQ24Z5PJ5;
				GCC_PREFIX_HEADER = /Users/dqshop/Desktop/MTShop/MTShop/Tools/Config/MTShop.pch;
				INFOPLIST_FILE = MTShop/Info.plist;
				IPHONEOS_DEPLOYMENT_TARGET = 8.0;
				LD_RUNPATH_SEARCH_PATHS = "$(inherited) @executable_path/Frameworks";
				PRODUCT_BUNDLE_IDENTIFIER = MT.MTShop;
				PRODUCT_NAME = "$(TARGET_NAME)";
				TARGETED_DEVICE_FAMILY = "1,2";
				USER_HEADER_SEARCH_PATHS = "${SRCROOT}/**";
			};
			name = Release;
		};
/* End XCBuildConfiguration section */

/* Begin XCConfigurationList section */
		3421850C1FE375110037A48C /* Build configuration list for PBXProject "MTShop" */ = {
			isa = XCConfigurationList;
			buildConfigurations = (
				342185251FE375110037A48C /* Debug */,
				342185261FE375110037A48C /* Release */,
			);
			defaultConfigurationIsVisible = 0;
			defaultConfigurationName = Release;
		};
		342185271FE375110037A48C /* Build configuration list for PBXNativeTarget "MTShop" */ = {
			isa = XCConfigurationList;
			buildConfigurations = (
				342185281FE375110037A48C /* Debug */,
				342185291FE375110037A48C /* Release */,
			);
			defaultConfigurationIsVisible = 0;
			defaultConfigurationName = Release;
		};
/* End XCConfigurationList section */
	};
	rootObject = 342185091FE375110037A48C /* Project object */;
}
